
Microsoft Visual Studio Solution File, Format Version 12.00
# Visual Studio 15
VisualStudioVersion = 15.0.27130.2024
MinimumVisualStudioVersion = 10.0.40219.1
Project("{8BC9CEB8-8B4A-11D0-8D11-00A0C91BC942}") = "MP3Progress", "MP3Progress\MP3Progress.vcxproj", "{6E6FC143-759B-4FB8-904C-6E287F7F92DB}"
EndProject
Project("{8BC9CEB8-8B4A-11D0-8D11-00A0C91BC942}") = "2016061520-ex01-01", "2016061520-ex01-01\2016061520-ex01-01.vcxproj", "{E9338850-1B94-4B8F-A35F-59BA2EBC81E6}"
EndProject
Project("{8BC9CEB8-8B4A-11D0-8D11-00A0C91BC942}") = "BMPDecoder", "BMPDecoder\BMPDecoder.vcxproj", "{6F8E172C-B469-4219-B688-CA77964FC4F3}"
EndProject
Project("{F184B08F-C81C-45F6-A57F-5ABD9991F28F}") = "You-Get GUI", "You-Get GUI\You-Get GUI.vbproj", "{5B08679B-26AC-4F15-BA39-2880CD32C1F9}"
EndProject
Project("{8BC9CEB8-8B4A-11D0-8D11-00A0C91BC942}") = "GalgameEngine", "GalgameEngine\GalgameEngine.vcxproj", "{BF55148E-4406-43B8-A2D0-A51C8EE6063B}"
EndProject
Project("{8BC9CEB8-8B4A-11D0-8D11-00A0C91BC942}") = "QRCodeEncoder", "QRCodeEncoder\QRCodeEncoder.vcxproj", "{76F746F4-34A8-4594-85A6-655796AEF9F7}"
EndProject
Project("{8BC9CEB8-8B4A-11D0-8D11-00A0C91BC942}") = "MyMusicGame", "MyMusicGame\MyMusicGame.vcxproj", "{68FB6822-C100-4851-B71E-B107B54A35B6}"
EndProject
Project("{F184B08F-C81C-45F6-A57F-5ABD9991F28F}") = "MyMusicGameCFGBuilder", "MyMusicGameCFGBuilder\MyMusicGameCFGBuilder.vbproj", "{1DC0C314-4D66-43BD-A35B-4BEBB9D90EBD}"
EndProject
Project("{8BC9CEB8-8B4A-11D0-8D11-00A0C91BC942}") = "2048", "2048\2048.vcxproj", "{59386CA5-97D6-4D53-82F2-A8EE5C4B4830}"
EndProject
Project("{8BC9CEB8-8B4A-11D0-8D11-00A0C91BC942}") = "GalgameEngine_C", "GalgameEngine_C\GalgameEngine_C.vcxproj", "{4B3F918C-E16B-4E8B-B977-F8607F61C436}"
EndProject
Project("{8BC9CEB8-8B4A-11D0-8D11-00A0C91BC942}") = "FilePacker", "FilePacker\FilePacker.vcxproj", "{B6A9211F-D951-461C-A721-4065530FF9D6}"
EndProject
Project("{8BC9CEB8-8B4A-11D0-8D11-00A0C91BC942}") = "ComeFuckingCode", "ComeFuckingCode\ComeFuckingCode.vcxproj", "{D808F37B-F8E6-4080-BC8E-20927759206D}"
EndProject
Project("{8BC9CEB8-8B4A-11D0-8D11-00A0C91BC942}") = "KOFXIV_Helper", "KOFXIV_Helper\KOFXIV_Helper.vcxproj", "{34DE252F-006B-464C-A8D3-0CB454AAB82B}"
EndProject
Project("{8BC9CEB8-8B4A-11D0-8D11-00A0C91BC942}") = "2016061520-ex08-01", "2016061520-ex08-01\2016061520-ex08-01.vcxproj", "{32CF8B8E-1CC9-420B-9D34-9FF5E97C5C2A}"
EndProject
Project("{F184B08F-C81C-45F6-A57F-5ABD9991F28F}") = "OneKey_Hosts", "OneKey_Hosts\OneKey_Hosts.vbproj", "{4A884236-6D80-4437-8970-1181C11C539C}"
EndProject
Project("{F184B08F-C81C-45F6-A57F-5ABD9991F28F}") = "HEU_WLAN_Tansmission", "HEU_WLAN_Tansmission\HEU_WLAN_Tansmission.vbproj", "{6BFD8C9E-BB06-4504-9023-20508938EF32}"
EndProject
Project("{F184B08F-C81C-45F6-A57F-5ABD9991F28F}") = "HEU_WLAN_Transmission_DownloaderInstance", "HEU_WLAN_Transmission_DownloaderInstance\HEU_WLAN_Transmission_DownloaderInstance.vbproj", "{BAF50BE6-350D-4BEF-B8E3-9CD4F139309F}"
EndProject
Project("{8BC9CEB8-8B4A-11D0-8D11-00A0C91BC942}") = "AddWindowBackground", "AddWindowBackground\AddWindowBackground.vcxproj", "{E2C1FC2A-6DA2-4500-BA7C-FAFF001F375F}"
EndProject
Project("{8BC9CEB8-8B4A-11D0-8D11-00A0C91BC942}") = "TestChinesC", "TestChinesC\TestChinesC.vcxproj", "{2EFB965C-C997-4F5E-83C8-81D972D0BB48}"
EndProject
Project("{F184B08F-C81C-45F6-A57F-5ABD9991F28F}") = "SecurityChatServer", "SecurityChatServer\SecurityChatServer.vbproj", "{AA13D95C-0C6A-44CC-815C-B39EAFC2C0ED}"
EndProject
Project("{F184B08F-C81C-45F6-A57F-5ABD9991F28F}") = "UDPDebugger", "UDPDebugger\UDPDebugger.vbproj", "{A25A7479-B5F7-4927-AB59-1D2DC13B41EA}"
EndProject
Project("{8BC9CEB8-8B4A-11D0-8D11-00A0C91BC942}") = "TestForStreamVoiceClient", "TestForStreamVoice\TestForStreamVoice.vcxproj", "{25875844-7B59-48A5-8BEA-7DFC09EAD11A}"
EndProject
Project("{8BC9CEB8-8B4A-11D0-8D11-00A0C91BC942}") = "TestForStreamVoiceServer", "TestForStreamVoiceServer\TestForStreamVoiceServer.vcxproj", "{76416EEA-44AD-4F8A-A03A-EDC205E208AC}"
EndProject
Project("{8BC9CEB8-8B4A-11D0-8D11-00A0C91BC942}") = "RaidenEngine", "RaidenEngine\RaidenEngine.vcxproj", "{1FBDB19A-28F9-4FB9-86DC-DA3F2E0A5E0F}"
EndProject
Project("{8BC9CEB8-8B4A-11D0-8D11-00A0C91BC942}") = "TestI++", "TestI++\TestI++.vcxproj", "{DEA9459A-D532-423B-BB84-7A675AB175A8}"
EndProject
Project("{8BC9CEB8-8B4A-11D0-8D11-00A0C91BC942}") = "MazeWorld_Server", "MazeWorld_Server\MazeWorld_Server.vcxproj", "{802DCC01-5324-481A-B9B9-BE118DF8A3D2}"
EndProject
Project("{8BC9CEB8-8B4A-11D0-8D11-00A0C91BC942}") = "ExpressionCaculator", "ExpressionCaculator\ExpressionCaculator.vcxproj", "{693DE875-B0A9-458D-AC07-D3C499521024}"
EndProject
Project("{8BC9CEB8-8B4A-11D0-8D11-00A0C91BC942}") = "TaskQueue", "TaskQueue\TaskQueue.vcxproj", "{6949A4B7-9653-4189-A2C6-EAE30784CE2A}"
EndProject
Project("{8BC9CEB8-8B4A-11D0-8D11-00A0C91BC942}") = "Magic_Square", "Magic_Square\Magic_Square.vcxproj", "{DEA013E0-CE2D-4B47-8625-F31AB62D8C7D}"
EndProject
Project("{8BC9CEB8-8B4A-11D0-8D11-00A0C91BC942}") = "ZipFile", "ZipFile\ZipFile.vcxproj", "{F5E18FA3-ECCE-42B9-A650-3492E653162E}"
EndProject
Project("{8BC9CEB8-8B4A-11D0-8D11-00A0C91BC942}") = "CodeForPass", "CodeForPass\CodeForPass.vcxproj", "{49C791D1-06E5-4E22-B4B8-14EDEFC3D893}"
EndProject
Project("{8BC9CEB8-8B4A-11D0-8D11-00A0C91BC942}") = "Solitaire", "Solitaire\Solitaire.vcxproj", "{AE740296-F39B-493D-A162-0D3D4E199EF7}"
EndProject
Project("{8BC9CEB8-8B4A-11D0-8D11-00A0C91BC942}") = "Number+1", "Number+1\Number+1.vcxproj", "{066A4A07-11AF-4480-971D-E272BE48A10D}"
EndProject
Project("{8BC9CEB8-8B4A-11D0-8D11-00A0C91BC942}") = "教学计划编制", "教学计划编制\教学计划编制.vcxproj", "{DC790DF4-72A6-4EE6-B57E-0A7F72B3AB8E}"
EndProject
Project("{8BC9CEB8-8B4A-11D0-8D11-00A0C91BC942}") = "TopAndTheTop", "TopAndTheTop\TopAndTheTop.vcxproj", "{B210D4F9-E96C-4A1F-87C3-219DC7A2FED5}"
EndProject
Project("{8BC9CEB8-8B4A-11D0-8D11-00A0C91BC942}") = "TestForVulkan", "TestForVulkan\TestForVulkan.vcxproj", "{5A4234BA-9B20-4CD4-B9F0-D7BC800EDB93}"
EndProject
Project("{8BC9CEB8-8B4A-11D0-8D11-00A0C91BC942}") = "Number+Number", "Number+Number\Number+Number.vcxproj", "{A276DE09-721F-41CF-A096-5E7338C81FEF}"
EndProject
Project("{8BC9CEB8-8B4A-11D0-8D11-00A0C91BC942}") = "TheLastExam", "TheLastExam\TheLastExam.vcxproj", "{5B3BB6EA-464B-428D-8503-3CFB1B39DA76}"
EndProject
Project("{8BC9CEB8-8B4A-11D0-8D11-00A0C91BC942}") = "TestForC++Module", "TestForC++Module\TestForC++Module.vcxproj", "{F47DF1F4-3AF4-4972-AF4E-4C4E75CD5165}"
EndProject
Project("{8BC9CEB8-8B4A-11D0-8D11-00A0C91BC942}") = "MST", "MST\MST.vcxproj", "{A2EA35E8-9399-4B6B-8693-4FDF69EE41B9}"
EndProject
Project("{8BC9CEB8-8B4A-11D0-8D11-00A0C91BC942}") = "TestWinHTTPApi", "TestWinHTTPApi\TestWinHTTPApi.vcxproj", "{FC189353-F308-4AE1-9D9A-F8E26CFE4693}"
EndProject
Project("{8BC9CEB8-8B4A-11D0-8D11-00A0C91BC942}") = "TestForImGUI", "TestForImGUI\TestForImGUI.vcxproj", "{CBFF2306-30B8-4DBB-BF0A-DCA632AA10F4}"
EndProject
Project("{8BC9CEB8-8B4A-11D0-8D11-00A0C91BC942}") = "SnakeGame", "SnakeGame\SnakeGame.vcxproj", "{D9668A85-3E89-48BD-A3FE-0A022D6D1909}"
EndProject
Project("{8BC9CEB8-8B4A-11D0-8D11-00A0C91BC942}") = "ASCII Art", "ASCII Art\ASCII Art.vcxproj", "{A42914E7-698C-474D-BCA9-6AC583EE8291}"
EndProject
Project("{8BC9CEB8-8B4A-11D0-8D11-00A0C91BC942}") = "TestWriteAndModify", "TestWriteAndModify\TestWriteAndModify.vcxproj", "{F5FFF57D-13EF-4DBB-A347-7EA34FD1C797}"
EndProject
Project("{8BC9CEB8-8B4A-11D0-8D11-00A0C91BC942}") = "TestForTemplate", "TestForTemplate\TestForTemplate.vcxproj", "{FBEEA88F-F10D-4019-9F86-E6EF3D5EEDF4}"
EndProject
Project("{8BC9CEB8-8B4A-11D0-8D11-00A0C91BC942}") = "LogonSucceed", "LogonSucceed\LogonSucceed.vcxproj", "{3B624249-6974-44EA-ADC8-8340269C1FF8}"
EndProject
Project("{8BC9CEB8-8B4A-11D0-8D11-00A0C91BC942}") = "TestForASM", "TestForASM\TestForASM.vcxproj", "{29E5057B-6F72-453E-8C64-61CCFC8E2F3C}"
EndProject
Project("{8BC9CEB8-8B4A-11D0-8D11-00A0C91BC942}") = "Mahjong", "Mahjong\Mahjong.vcxproj", "{51FEEFE3-CBA3-4C88-BD80-E3FA07C2232D}"
EndProject
Project("{8BC9CEB8-8B4A-11D0-8D11-00A0C91BC942}") = "UPlayPuzzle", "UPlayPuzzle\UPlayPuzzle.vcxproj", "{1F48A423-139C-460A-B758-1F48285ADD9D}"
EndProject
Project("{8BC9CEB8-8B4A-11D0-8D11-00A0C91BC942}") = "MyHTTPServer", "MyHTTPServer\MyHTTPServer.vcxproj", "{1AFDDEF6-B45D-4198-8CFE-1F678AE5594E}"
EndProject
Project("{8BC9CEB8-8B4A-11D0-8D11-00A0C91BC942}") = "UWPStarter", "UWPStarter\UWPStarter.vcxproj", "{8E690ED1-4B5D-4167-9BFC-726274AE0F4F}"
EndProject
Project("{8BC9CEB8-8B4A-11D0-8D11-00A0C91BC942}") = "ReplaceCMDWithPWShell", "ReplaceCMDWithPWShell\ReplaceCMDWithPWShell.vcxproj", "{4A114118-E712-4E06-B027-C160C5C95EFA}"
EndProject
Project("{8BC9CEB8-8B4A-11D0-8D11-00A0C91BC942}") = "Hello OpenGL", "Hello OpenGL\Hello OpenGL.vcxproj", "{085A5107-D0F7-4A63-A799-8167DB4904B6}"
EndProject
Project("{8BC9CEB8-8B4A-11D0-8D11-00A0C91BC942}") = "Hello OpenGL Lighting", "Hello OpenGL Lighting\Hello OpenGL Lighting.vcxproj", "{653B0CE6-8D8A-4CBB-8F73-664D3E4606C5}"
EndProject
Project("{8BC9CEB8-8B4A-11D0-8D11-00A0C91BC942}") = "Hello OpenGL Model", "Hello OpenGL Model\Hello OpenGL Model.vcxproj", "{F2F8E127-52E4-43BF-AEBC-3D43D479F302}"
EndProject
Project("{8BC9CEB8-8B4A-11D0-8D11-00A0C91BC942}") = "Advanced OpenGL", "Advanced OpenGL\Advanced OpenGL.vcxproj", "{8E9942F4-C4B8-477E-ABBC-BC8F37EFB4A9}"
EndProject
Project("{FAE04EC0-301F-11D3-BF4B-00C04F79EFBC}") = "SteamIdleHelper", "SteamIdleHelper\SteamIdleHelper.csproj", "{68C39D20-4281-46CD-9768-DEBED779ECF4}"
EndProject
Project("{8BC9CEB8-8B4A-11D0-8D11-00A0C91BC942}") = "OpenGL Advanced Lighting", "OpenGL Advanced Lighting\OpenGL Advanced Lighting.vcxproj", "{2F446D8D-39F1-408D-8163-7407F86938AC}"
EndProject
Project("{8BC9CEB8-8B4A-11D0-8D11-00A0C91BC942}") = "SolutionForEmerald", "SolutionForEmerald\SolutionForEmerald.vcxproj", "{7F5A418D-6127-4C2E-9C93-8CBEE36CD717}"
EndProject
Global
	GlobalSection(SolutionConfigurationPlatforms) = preSolution
		Debug|Any CPU = Debug|Any CPU
		Debug|ARM = Debug|ARM
		Debug|x64 = Debug|x64
		Debug|x86 = Debug|x86
		Release|Any CPU = Release|Any CPU
		Release|ARM = Release|ARM
		Release|x64 = Release|x64
		Release|x86 = Release|x86
	EndGlobalSection
	GlobalSection(ProjectConfigurationPlatforms) = postSolution
		{6E6FC143-759B-4FB8-904C-6E287F7F92DB}.Debug|Any CPU.ActiveCfg = Debug|Win32
		{6E6FC143-759B-4FB8-904C-6E287F7F92DB}.Debug|ARM.ActiveCfg = Debug|Win32
		{6E6FC143-759B-4FB8-904C-6E287F7F92DB}.Debug|x64.ActiveCfg = Debug|x64
		{6E6FC143-759B-4FB8-904C-6E287F7F92DB}.Debug|x64.Build.0 = Debug|x64
		{6E6FC143-759B-4FB8-904C-6E287F7F92DB}.Debug|x86.ActiveCfg = Debug|Win32
		{6E6FC143-759B-4FB8-904C-6E287F7F92DB}.Debug|x86.Build.0 = Debug|Win32
		{6E6FC143-759B-4FB8-904C-6E287F7F92DB}.Release|Any CPU.ActiveCfg = Release|Win32
		{6E6FC143-759B-4FB8-904C-6E287F7F92DB}.Release|ARM.ActiveCfg = Release|Win32
		{6E6FC143-759B-4FB8-904C-6E287F7F92DB}.Release|x64.ActiveCfg = Release|x64
		{6E6FC143-759B-4FB8-904C-6E287F7F92DB}.Release|x64.Build.0 = Release|x64
		{6E6FC143-759B-4FB8-904C-6E287F7F92DB}.Release|x86.ActiveCfg = Release|Win32
		{6E6FC143-759B-4FB8-904C-6E287F7F92DB}.Release|x86.Build.0 = Release|Win32
		{E9338850-1B94-4B8F-A35F-59BA2EBC81E6}.Debug|Any CPU.ActiveCfg = Debug|Win32
		{E9338850-1B94-4B8F-A35F-59BA2EBC81E6}.Debug|ARM.ActiveCfg = Debug|Win32
		{E9338850-1B94-4B8F-A35F-59BA2EBC81E6}.Debug|x64.ActiveCfg = Debug|x64
		{E9338850-1B94-4B8F-A35F-59BA2EBC81E6}.Debug|x64.Build.0 = Debug|x64
		{E9338850-1B94-4B8F-A35F-59BA2EBC81E6}.Debug|x86.ActiveCfg = Debug|Win32
		{E9338850-1B94-4B8F-A35F-59BA2EBC81E6}.Debug|x86.Build.0 = Debug|Win32
		{E9338850-1B94-4B8F-A35F-59BA2EBC81E6}.Release|Any CPU.ActiveCfg = Release|Win32
		{E9338850-1B94-4B8F-A35F-59BA2EBC81E6}.Release|ARM.ActiveCfg = Release|Win32
		{E9338850-1B94-4B8F-A35F-59BA2EBC81E6}.Release|x64.ActiveCfg = Release|x64
		{E9338850-1B94-4B8F-A35F-59BA2EBC81E6}.Release|x64.Build.0 = Release|x64
		{E9338850-1B94-4B8F-A35F-59BA2EBC81E6}.Release|x86.ActiveCfg = Release|Win32
		{E9338850-1B94-4B8F-A35F-59BA2EBC81E6}.Release|x86.Build.0 = Release|Win32
		{6F8E172C-B469-4219-B688-CA77964FC4F3}.Debug|Any CPU.ActiveCfg = Debug|Win32
		{6F8E172C-B469-4219-B688-CA77964FC4F3}.Debug|ARM.ActiveCfg = Debug|Win32
		{6F8E172C-B469-4219-B688-CA77964FC4F3}.Debug|x64.ActiveCfg = Debug|x64
		{6F8E172C-B469-4219-B688-CA77964FC4F3}.Debug|x64.Build.0 = Debug|x64
		{6F8E172C-B469-4219-B688-CA77964FC4F3}.Debug|x86.ActiveCfg = Debug|Win32
		{6F8E172C-B469-4219-B688-CA77964FC4F3}.Debug|x86.Build.0 = Debug|Win32
		{6F8E172C-B469-4219-B688-CA77964FC4F3}.Release|Any CPU.ActiveCfg = Release|Win32
		{6F8E172C-B469-4219-B688-CA77964FC4F3}.Release|ARM.ActiveCfg = Release|Win32
		{6F8E172C-B469-4219-B688-CA77964FC4F3}.Release|x64.ActiveCfg = Release|x64
		{6F8E172C-B469-4219-B688-CA77964FC4F3}.Release|x64.Build.0 = Release|x64
		{6F8E172C-B469-4219-B688-CA77964FC4F3}.Release|x86.ActiveCfg = Release|Win32
		{6F8E172C-B469-4219-B688-CA77964FC4F3}.Release|x86.Build.0 = Release|Win32
		{5B08679B-26AC-4F15-BA39-2880CD32C1F9}.Debug|Any CPU.ActiveCfg = Debug|Any CPU
		{5B08679B-26AC-4F15-BA39-2880CD32C1F9}.Debug|Any CPU.Build.0 = Debug|Any CPU
		{5B08679B-26AC-4F15-BA39-2880CD32C1F9}.Debug|ARM.ActiveCfg = Debug|Any CPU
		{5B08679B-26AC-4F15-BA39-2880CD32C1F9}.Debug|ARM.Build.0 = Debug|Any CPU
		{5B08679B-26AC-4F15-BA39-2880CD32C1F9}.Debug|x64.ActiveCfg = Debug|Any CPU
		{5B08679B-26AC-4F15-BA39-2880CD32C1F9}.Debug|x64.Build.0 = Debug|Any CPU
		{5B08679B-26AC-4F15-BA39-2880CD32C1F9}.Debug|x86.ActiveCfg = Debug|Any CPU
		{5B08679B-26AC-4F15-BA39-2880CD32C1F9}.Debug|x86.Build.0 = Debug|Any CPU
		{5B08679B-26AC-4F15-BA39-2880CD32C1F9}.Release|Any CPU.ActiveCfg = Release|Any CPU
		{5B08679B-26AC-4F15-BA39-2880CD32C1F9}.Release|Any CPU.Build.0 = Release|Any CPU
		{5B08679B-26AC-4F15-BA39-2880CD32C1F9}.Release|ARM.ActiveCfg = Release|Any CPU
		{5B08679B-26AC-4F15-BA39-2880CD32C1F9}.Release|ARM.Build.0 = Release|Any CPU
		{5B08679B-26AC-4F15-BA39-2880CD32C1F9}.Release|x64.ActiveCfg = Release|Any CPU
		{5B08679B-26AC-4F15-BA39-2880CD32C1F9}.Release|x64.Build.0 = Release|Any CPU
		{5B08679B-26AC-4F15-BA39-2880CD32C1F9}.Release|x86.ActiveCfg = Release|Any CPU
		{5B08679B-26AC-4F15-BA39-2880CD32C1F9}.Release|x86.Build.0 = Release|Any CPU
		{BF55148E-4406-43B8-A2D0-A51C8EE6063B}.Debug|Any CPU.ActiveCfg = Debug|Win32
		{BF55148E-4406-43B8-A2D0-A51C8EE6063B}.Debug|ARM.ActiveCfg = Debug|Win32
		{BF55148E-4406-43B8-A2D0-A51C8EE6063B}.Debug|x64.ActiveCfg = Debug|x64
		{BF55148E-4406-43B8-A2D0-A51C8EE6063B}.Debug|x64.Build.0 = Debug|x64
		{BF55148E-4406-43B8-A2D0-A51C8EE6063B}.Debug|x86.ActiveCfg = Debug|Win32
		{BF55148E-4406-43B8-A2D0-A51C8EE6063B}.Debug|x86.Build.0 = Debug|Win32
		{BF55148E-4406-43B8-A2D0-A51C8EE6063B}.Release|Any CPU.ActiveCfg = Release|Win32
		{BF55148E-4406-43B8-A2D0-A51C8EE6063B}.Release|ARM.ActiveCfg = Release|Win32
		{BF55148E-4406-43B8-A2D0-A51C8EE6063B}.Release|x64.ActiveCfg = Release|x64
		{BF55148E-4406-43B8-A2D0-A51C8EE6063B}.Release|x64.Build.0 = Release|x64
		{BF55148E-4406-43B8-A2D0-A51C8EE6063B}.Release|x86.ActiveCfg = Release|Win32
		{BF55148E-4406-43B8-A2D0-A51C8EE6063B}.Release|x86.Build.0 = Release|Win32
		{76F746F4-34A8-4594-85A6-655796AEF9F7}.Debug|Any CPU.ActiveCfg = Debug|Win32
		{76F746F4-34A8-4594-85A6-655796AEF9F7}.Debug|ARM.ActiveCfg = Debug|Win32
		{76F746F4-34A8-4594-85A6-655796AEF9F7}.Debug|x64.ActiveCfg = Debug|x64
		{76F746F4-34A8-4594-85A6-655796AEF9F7}.Debug|x64.Build.0 = Debug|x64
		{76F746F4-34A8-4594-85A6-655796AEF9F7}.Debug|x86.ActiveCfg = Debug|Win32
		{76F746F4-34A8-4594-85A6-655796AEF9F7}.Debug|x86.Build.0 = Debug|Win32
		{76F746F4-34A8-4594-85A6-655796AEF9F7}.Release|Any CPU.ActiveCfg = Release|Win32
		{76F746F4-34A8-4594-85A6-655796AEF9F7}.Release|ARM.ActiveCfg = Release|Win32
		{76F746F4-34A8-4594-85A6-655796AEF9F7}.Release|x64.ActiveCfg = Release|x64
		{76F746F4-34A8-4594-85A6-655796AEF9F7}.Release|x64.Build.0 = Release|x64
		{76F746F4-34A8-4594-85A6-655796AEF9F7}.Release|x86.ActiveCfg = Release|Win32
		{76F746F4-34A8-4594-85A6-655796AEF9F7}.Release|x86.Build.0 = Release|Win32
		{68FB6822-C100-4851-B71E-B107B54A35B6}.Debug|Any CPU.ActiveCfg = Debug|Win32
		{68FB6822-C100-4851-B71E-B107B54A35B6}.Debug|ARM.ActiveCfg = Debug|Win32
		{68FB6822-C100-4851-B71E-B107B54A35B6}.Debug|x64.ActiveCfg = Debug|x64
		{68FB6822-C100-4851-B71E-B107B54A35B6}.Debug|x64.Build.0 = Debug|x64
		{68FB6822-C100-4851-B71E-B107B54A35B6}.Debug|x86.ActiveCfg = Debug|Win32
		{68FB6822-C100-4851-B71E-B107B54A35B6}.Debug|x86.Build.0 = Debug|Win32
		{68FB6822-C100-4851-B71E-B107B54A35B6}.Release|Any CPU.ActiveCfg = Release|Win32
		{68FB6822-C100-4851-B71E-B107B54A35B6}.Release|ARM.ActiveCfg = Release|Win32
		{68FB6822-C100-4851-B71E-B107B54A35B6}.Release|x64.ActiveCfg = Release|x64
		{68FB6822-C100-4851-B71E-B107B54A35B6}.Release|x64.Build.0 = Release|x64
		{68FB6822-C100-4851-B71E-B107B54A35B6}.Release|x86.ActiveCfg = Release|Win32
		{68FB6822-C100-4851-B71E-B107B54A35B6}.Release|x86.Build.0 = Release|Win32
		{1DC0C314-4D66-43BD-A35B-4BEBB9D90EBD}.Debug|Any CPU.ActiveCfg = Debug|Any CPU
		{1DC0C314-4D66-43BD-A35B-4BEBB9D90EBD}.Debug|Any CPU.Build.0 = Debug|Any CPU
		{1DC0C314-4D66-43BD-A35B-4BEBB9D90EBD}.Debug|ARM.ActiveCfg = Debug|Any CPU
		{1DC0C314-4D66-43BD-A35B-4BEBB9D90EBD}.Debug|ARM.Build.0 = Debug|Any CPU
		{1DC0C314-4D66-43BD-A35B-4BEBB9D90EBD}.Debug|x64.ActiveCfg = Debug|Any CPU
		{1DC0C314-4D66-43BD-A35B-4BEBB9D90EBD}.Debug|x64.Build.0 = Debug|Any CPU
		{1DC0C314-4D66-43BD-A35B-4BEBB9D90EBD}.Debug|x86.ActiveCfg = Debug|Any CPU
		{1DC0C314-4D66-43BD-A35B-4BEBB9D90EBD}.Debug|x86.Build.0 = Debug|Any CPU
		{1DC0C314-4D66-43BD-A35B-4BEBB9D90EBD}.Release|Any CPU.ActiveCfg = Release|Any CPU
		{1DC0C314-4D66-43BD-A35B-4BEBB9D90EBD}.Release|Any CPU.Build.0 = Release|Any CPU
		{1DC0C314-4D66-43BD-A35B-4BEBB9D90EBD}.Release|ARM.ActiveCfg = Release|Any CPU
		{1DC0C314-4D66-43BD-A35B-4BEBB9D90EBD}.Release|ARM.Build.0 = Release|Any CPU
		{1DC0C314-4D66-43BD-A35B-4BEBB9D90EBD}.Release|x64.ActiveCfg = Release|Any CPU
		{1DC0C314-4D66-43BD-A35B-4BEBB9D90EBD}.Release|x64.Build.0 = Release|Any CPU
		{1DC0C314-4D66-43BD-A35B-4BEBB9D90EBD}.Release|x86.ActiveCfg = Release|Any CPU
		{1DC0C314-4D66-43BD-A35B-4BEBB9D90EBD}.Release|x86.Build.0 = Release|Any CPU
		{59386CA5-97D6-4D53-82F2-A8EE5C4B4830}.Debug|Any CPU.ActiveCfg = Debug|Win32
		{59386CA5-97D6-4D53-82F2-A8EE5C4B4830}.Debug|ARM.ActiveCfg = Debug|Win32
		{59386CA5-97D6-4D53-82F2-A8EE5C4B4830}.Debug|x64.ActiveCfg = Debug|x64
		{59386CA5-97D6-4D53-82F2-A8EE5C4B4830}.Debug|x64.Build.0 = Debug|x64
		{59386CA5-97D6-4D53-82F2-A8EE5C4B4830}.Debug|x86.ActiveCfg = Debug|Win32
		{59386CA5-97D6-4D53-82F2-A8EE5C4B4830}.Debug|x86.Build.0 = Debug|Win32
		{59386CA5-97D6-4D53-82F2-A8EE5C4B4830}.Release|Any CPU.ActiveCfg = Release|Win32
		{59386CA5-97D6-4D53-82F2-A8EE5C4B4830}.Release|ARM.ActiveCfg = Release|Win32
		{59386CA5-97D6-4D53-82F2-A8EE5C4B4830}.Release|x64.ActiveCfg = Release|x64
		{59386CA5-97D6-4D53-82F2-A8EE5C4B4830}.Release|x64.Build.0 = Release|x64
		{59386CA5-97D6-4D53-82F2-A8EE5C4B4830}.Release|x86.ActiveCfg = Release|Win32
		{59386CA5-97D6-4D53-82F2-A8EE5C4B4830}.Release|x86.Build.0 = Release|Win32
		{4B3F918C-E16B-4E8B-B977-F8607F61C436}.Debug|Any CPU.ActiveCfg = Debug|Win32
		{4B3F918C-E16B-4E8B-B977-F8607F61C436}.Debug|ARM.ActiveCfg = Debug|Win32
		{4B3F918C-E16B-4E8B-B977-F8607F61C436}.Debug|x64.ActiveCfg = Debug|x64
		{4B3F918C-E16B-4E8B-B977-F8607F61C436}.Debug|x64.Build.0 = Debug|x64
		{4B3F918C-E16B-4E8B-B977-F8607F61C436}.Debug|x86.ActiveCfg = Debug|Win32
		{4B3F918C-E16B-4E8B-B977-F8607F61C436}.Debug|x86.Build.0 = Debug|Win32
		{4B3F918C-E16B-4E8B-B977-F8607F61C436}.Release|Any CPU.ActiveCfg = Release|Win32
		{4B3F918C-E16B-4E8B-B977-F8607F61C436}.Release|ARM.ActiveCfg = Release|Win32
		{4B3F918C-E16B-4E8B-B977-F8607F61C436}.Release|x64.ActiveCfg = Release|x64
		{4B3F918C-E16B-4E8B-B977-F8607F61C436}.Release|x64.Build.0 = Release|x64
		{4B3F918C-E16B-4E8B-B977-F8607F61C436}.Release|x86.ActiveCfg = Release|Win32
		{4B3F918C-E16B-4E8B-B977-F8607F61C436}.Release|x86.Build.0 = Release|Win32
		{B6A9211F-D951-461C-A721-4065530FF9D6}.Debug|Any CPU.ActiveCfg = Debug|Win32
		{B6A9211F-D951-461C-A721-4065530FF9D6}.Debug|ARM.ActiveCfg = Debug|Win32
		{B6A9211F-D951-461C-A721-4065530FF9D6}.Debug|x64.ActiveCfg = Debug|x64
		{B6A9211F-D951-461C-A721-4065530FF9D6}.Debug|x64.Build.0 = Debug|x64
		{B6A9211F-D951-461C-A721-4065530FF9D6}.Debug|x86.ActiveCfg = Debug|Win32
		{B6A9211F-D951-461C-A721-4065530FF9D6}.Debug|x86.Build.0 = Debug|Win32
		{B6A9211F-D951-461C-A721-4065530FF9D6}.Release|Any CPU.ActiveCfg = Release|Win32
		{B6A9211F-D951-461C-A721-4065530FF9D6}.Release|ARM.ActiveCfg = Release|Win32
		{B6A9211F-D951-461C-A721-4065530FF9D6}.Release|x64.ActiveCfg = Release|x64
		{B6A9211F-D951-461C-A721-4065530FF9D6}.Release|x64.Build.0 = Release|x64
		{B6A9211F-D951-461C-A721-4065530FF9D6}.Release|x86.ActiveCfg = Release|Win32
		{B6A9211F-D951-461C-A721-4065530FF9D6}.Release|x86.Build.0 = Release|Win32
		{D808F37B-F8E6-4080-BC8E-20927759206D}.Debug|Any CPU.ActiveCfg = Debug|Win32
		{D808F37B-F8E6-4080-BC8E-20927759206D}.Debug|ARM.ActiveCfg = Debug|Win32
		{D808F37B-F8E6-4080-BC8E-20927759206D}.Debug|x64.ActiveCfg = Debug|x64
		{D808F37B-F8E6-4080-BC8E-20927759206D}.Debug|x64.Build.0 = Debug|x64
		{D808F37B-F8E6-4080-BC8E-20927759206D}.Debug|x86.ActiveCfg = Debug|Win32
		{D808F37B-F8E6-4080-BC8E-20927759206D}.Debug|x86.Build.0 = Debug|Win32
		{D808F37B-F8E6-4080-BC8E-20927759206D}.Release|Any CPU.ActiveCfg = Release|Win32
		{D808F37B-F8E6-4080-BC8E-20927759206D}.Release|ARM.ActiveCfg = Release|Win32
		{D808F37B-F8E6-4080-BC8E-20927759206D}.Release|x64.ActiveCfg = Release|x64
		{D808F37B-F8E6-4080-BC8E-20927759206D}.Release|x64.Build.0 = Release|x64
		{D808F37B-F8E6-4080-BC8E-20927759206D}.Release|x86.ActiveCfg = Release|Win32
		{D808F37B-F8E6-4080-BC8E-20927759206D}.Release|x86.Build.0 = Release|Win32
		{34DE252F-006B-464C-A8D3-0CB454AAB82B}.Debug|Any CPU.ActiveCfg = Debug|Win32
		{34DE252F-006B-464C-A8D3-0CB454AAB82B}.Debug|ARM.ActiveCfg = Debug|Win32
		{34DE252F-006B-464C-A8D3-0CB454AAB82B}.Debug|x64.ActiveCfg = Debug|x64
		{34DE252F-006B-464C-A8D3-0CB454AAB82B}.Debug|x64.Build.0 = Debug|x64
		{34DE252F-006B-464C-A8D3-0CB454AAB82B}.Debug|x86.ActiveCfg = Debug|Win32
		{34DE252F-006B-464C-A8D3-0CB454AAB82B}.Debug|x86.Build.0 = Debug|Win32
		{34DE252F-006B-464C-A8D3-0CB454AAB82B}.Release|Any CPU.ActiveCfg = Release|Win32
		{34DE252F-006B-464C-A8D3-0CB454AAB82B}.Release|ARM.ActiveCfg = Release|Win32
		{34DE252F-006B-464C-A8D3-0CB454AAB82B}.Release|x64.ActiveCfg = Release|x64
		{34DE252F-006B-464C-A8D3-0CB454AAB82B}.Release|x64.Build.0 = Release|x64
		{34DE252F-006B-464C-A8D3-0CB454AAB82B}.Release|x86.ActiveCfg = Release|Win32
		{34DE252F-006B-464C-A8D3-0CB454AAB82B}.Release|x86.Build.0 = Release|Win32
		{32CF8B8E-1CC9-420B-9D34-9FF5E97C5C2A}.Debug|Any CPU.ActiveCfg = Debug|Win32
		{32CF8B8E-1CC9-420B-9D34-9FF5E97C5C2A}.Debug|ARM.ActiveCfg = Debug|Win32
		{32CF8B8E-1CC9-420B-9D34-9FF5E97C5C2A}.Debug|x64.ActiveCfg = Debug|x64
		{32CF8B8E-1CC9-420B-9D34-9FF5E97C5C2A}.Debug|x64.Build.0 = Debug|x64
		{32CF8B8E-1CC9-420B-9D34-9FF5E97C5C2A}.Debug|x86.ActiveCfg = Debug|Win32
		{32CF8B8E-1CC9-420B-9D34-9FF5E97C5C2A}.Debug|x86.Build.0 = Debug|Win32
		{32CF8B8E-1CC9-420B-9D34-9FF5E97C5C2A}.Release|Any CPU.ActiveCfg = Release|Win32
		{32CF8B8E-1CC9-420B-9D34-9FF5E97C5C2A}.Release|ARM.ActiveCfg = Release|Win32
		{32CF8B8E-1CC9-420B-9D34-9FF5E97C5C2A}.Release|x64.ActiveCfg = Release|x64
		{32CF8B8E-1CC9-420B-9D34-9FF5E97C5C2A}.Release|x64.Build.0 = Release|x64
		{32CF8B8E-1CC9-420B-9D34-9FF5E97C5C2A}.Release|x86.ActiveCfg = Release|Win32
		{32CF8B8E-1CC9-420B-9D34-9FF5E97C5C2A}.Release|x86.Build.0 = Release|Win32
		{4A884236-6D80-4437-8970-1181C11C539C}.Debug|Any CPU.ActiveCfg = Debug|Any CPU
		{4A884236-6D80-4437-8970-1181C11C539C}.Debug|Any CPU.Build.0 = Debug|Any CPU
		{4A884236-6D80-4437-8970-1181C11C539C}.Debug|ARM.ActiveCfg = Debug|Any CPU
		{4A884236-6D80-4437-8970-1181C11C539C}.Debug|ARM.Build.0 = Debug|Any CPU
		{4A884236-6D80-4437-8970-1181C11C539C}.Debug|x64.ActiveCfg = Debug|Any CPU
		{4A884236-6D80-4437-8970-1181C11C539C}.Debug|x64.Build.0 = Debug|Any CPU
		{4A884236-6D80-4437-8970-1181C11C539C}.Debug|x86.ActiveCfg = Debug|Any CPU
		{4A884236-6D80-4437-8970-1181C11C539C}.Debug|x86.Build.0 = Debug|Any CPU
		{4A884236-6D80-4437-8970-1181C11C539C}.Release|Any CPU.ActiveCfg = Release|Any CPU
		{4A884236-6D80-4437-8970-1181C11C539C}.Release|Any CPU.Build.0 = Release|Any CPU
		{4A884236-6D80-4437-8970-1181C11C539C}.Release|ARM.ActiveCfg = Release|Any CPU
		{4A884236-6D80-4437-8970-1181C11C539C}.Release|ARM.Build.0 = Release|Any CPU
		{4A884236-6D80-4437-8970-1181C11C539C}.Release|x64.ActiveCfg = Release|Any CPU
		{4A884236-6D80-4437-8970-1181C11C539C}.Release|x64.Build.0 = Release|Any CPU
		{4A884236-6D80-4437-8970-1181C11C539C}.Release|x86.ActiveCfg = Release|Any CPU
		{4A884236-6D80-4437-8970-1181C11C539C}.Release|x86.Build.0 = Release|Any CPU
		{6BFD8C9E-BB06-4504-9023-20508938EF32}.Debug|Any CPU.ActiveCfg = Debug|Any CPU
		{6BFD8C9E-BB06-4504-9023-20508938EF32}.Debug|Any CPU.Build.0 = Debug|Any CPU
		{6BFD8C9E-BB06-4504-9023-20508938EF32}.Debug|ARM.ActiveCfg = Debug|Any CPU
		{6BFD8C9E-BB06-4504-9023-20508938EF32}.Debug|ARM.Build.0 = Debug|Any CPU
		{6BFD8C9E-BB06-4504-9023-20508938EF32}.Debug|x64.ActiveCfg = Debug|Any CPU
		{6BFD8C9E-BB06-4504-9023-20508938EF32}.Debug|x64.Build.0 = Debug|Any CPU
		{6BFD8C9E-BB06-4504-9023-20508938EF32}.Debug|x86.ActiveCfg = Debug|Any CPU
		{6BFD8C9E-BB06-4504-9023-20508938EF32}.Debug|x86.Build.0 = Debug|Any CPU
		{6BFD8C9E-BB06-4504-9023-20508938EF32}.Release|Any CPU.ActiveCfg = Release|Any CPU
		{6BFD8C9E-BB06-4504-9023-20508938EF32}.Release|Any CPU.Build.0 = Release|Any CPU
		{6BFD8C9E-BB06-4504-9023-20508938EF32}.Release|ARM.ActiveCfg = Release|Any CPU
		{6BFD8C9E-BB06-4504-9023-20508938EF32}.Release|ARM.Build.0 = Release|Any CPU
		{6BFD8C9E-BB06-4504-9023-20508938EF32}.Release|x64.ActiveCfg = Release|Any CPU
		{6BFD8C9E-BB06-4504-9023-20508938EF32}.Release|x64.Build.0 = Release|Any CPU
		{6BFD8C9E-BB06-4504-9023-20508938EF32}.Release|x86.ActiveCfg = Release|Any CPU
		{6BFD8C9E-BB06-4504-9023-20508938EF32}.Release|x86.Build.0 = Release|Any CPU
		{BAF50BE6-350D-4BEF-B8E3-9CD4F139309F}.Debug|Any CPU.ActiveCfg = Debug|Any CPU
		{BAF50BE6-350D-4BEF-B8E3-9CD4F139309F}.Debug|Any CPU.Build.0 = Debug|Any CPU
		{BAF50BE6-350D-4BEF-B8E3-9CD4F139309F}.Debug|ARM.ActiveCfg = Debug|Any CPU
		{BAF50BE6-350D-4BEF-B8E3-9CD4F139309F}.Debug|ARM.Build.0 = Debug|Any CPU
		{BAF50BE6-350D-4BEF-B8E3-9CD4F139309F}.Debug|x64.ActiveCfg = Debug|Any CPU
		{BAF50BE6-350D-4BEF-B8E3-9CD4F139309F}.Debug|x64.Build.0 = Debug|Any CPU
		{BAF50BE6-350D-4BEF-B8E3-9CD4F139309F}.Debug|x86.ActiveCfg = Release|Any CPU
		{BAF50BE6-350D-4BEF-B8E3-9CD4F139309F}.Debug|x86.Build.0 = Release|Any CPU
		{BAF50BE6-350D-4BEF-B8E3-9CD4F139309F}.Release|Any CPU.ActiveCfg = Release|Any CPU
		{BAF50BE6-350D-4BEF-B8E3-9CD4F139309F}.Release|Any CPU.Build.0 = Release|Any CPU
		{BAF50BE6-350D-4BEF-B8E3-9CD4F139309F}.Release|ARM.ActiveCfg = Release|Any CPU
		{BAF50BE6-350D-4BEF-B8E3-9CD4F139309F}.Release|ARM.Build.0 = Release|Any CPU
		{BAF50BE6-350D-4BEF-B8E3-9CD4F139309F}.Release|x64.ActiveCfg = Release|Any CPU
		{BAF50BE6-350D-4BEF-B8E3-9CD4F139309F}.Release|x64.Build.0 = Release|Any CPU
		{BAF50BE6-350D-4BEF-B8E3-9CD4F139309F}.Release|x86.ActiveCfg = Release|Any CPU
		{BAF50BE6-350D-4BEF-B8E3-9CD4F139309F}.Release|x86.Build.0 = Release|Any CPU
		{E2C1FC2A-6DA2-4500-BA7C-FAFF001F375F}.Debug|Any CPU.ActiveCfg = Debug|Win32
		{E2C1FC2A-6DA2-4500-BA7C-FAFF001F375F}.Debug|Any CPU.Build.0 = Debug|Win32
		{E2C1FC2A-6DA2-4500-BA7C-FAFF001F375F}.Debug|ARM.ActiveCfg = Debug|Win32
		{E2C1FC2A-6DA2-4500-BA7C-FAFF001F375F}.Debug|x64.ActiveCfg = Debug|x64
		{E2C1FC2A-6DA2-4500-BA7C-FAFF001F375F}.Debug|x64.Build.0 = Debug|x64
		{E2C1FC2A-6DA2-4500-BA7C-FAFF001F375F}.Debug|x86.ActiveCfg = Debug|Win32
		{E2C1FC2A-6DA2-4500-BA7C-FAFF001F375F}.Debug|x86.Build.0 = Debug|Win32
		{E2C1FC2A-6DA2-4500-BA7C-FAFF001F375F}.Release|Any CPU.ActiveCfg = Release|Win32
		{E2C1FC2A-6DA2-4500-BA7C-FAFF001F375F}.Release|ARM.ActiveCfg = Release|Win32
		{E2C1FC2A-6DA2-4500-BA7C-FAFF001F375F}.Release|x64.ActiveCfg = Release|x64
		{E2C1FC2A-6DA2-4500-BA7C-FAFF001F375F}.Release|x64.Build.0 = Release|x64
		{E2C1FC2A-6DA2-4500-BA7C-FAFF001F375F}.Release|x86.ActiveCfg = Release|Win32
		{E2C1FC2A-6DA2-4500-BA7C-FAFF001F375F}.Release|x86.Build.0 = Release|Win32
		{2EFB965C-C997-4F5E-83C8-81D972D0BB48}.Debug|Any CPU.ActiveCfg = Debug|Win32
		{2EFB965C-C997-4F5E-83C8-81D972D0BB48}.Debug|ARM.ActiveCfg = Debug|Win32
		{2EFB965C-C997-4F5E-83C8-81D972D0BB48}.Debug|x64.ActiveCfg = Debug|x64
		{2EFB965C-C997-4F5E-83C8-81D972D0BB48}.Debug|x64.Build.0 = Debug|x64
		{2EFB965C-C997-4F5E-83C8-81D972D0BB48}.Debug|x86.ActiveCfg = Debug|Win32
		{2EFB965C-C997-4F5E-83C8-81D972D0BB48}.Debug|x86.Build.0 = Debug|Win32
		{2EFB965C-C997-4F5E-83C8-81D972D0BB48}.Release|Any CPU.ActiveCfg = Release|Win32
		{2EFB965C-C997-4F5E-83C8-81D972D0BB48}.Release|ARM.ActiveCfg = Release|Win32
		{2EFB965C-C997-4F5E-83C8-81D972D0BB48}.Release|x64.ActiveCfg = Release|x64
		{2EFB965C-C997-4F5E-83C8-81D972D0BB48}.Release|x64.Build.0 = Release|x64
		{2EFB965C-C997-4F5E-83C8-81D972D0BB48}.Release|x86.ActiveCfg = Release|Win32
		{2EFB965C-C997-4F5E-83C8-81D972D0BB48}.Release|x86.Build.0 = Release|Win32
		{AA13D95C-0C6A-44CC-815C-B39EAFC2C0ED}.Debug|Any CPU.ActiveCfg = Debug|Any CPU
		{AA13D95C-0C6A-44CC-815C-B39EAFC2C0ED}.Debug|Any CPU.Build.0 = Debug|Any CPU
		{AA13D95C-0C6A-44CC-815C-B39EAFC2C0ED}.Debug|ARM.ActiveCfg = Debug|Any CPU
		{AA13D95C-0C6A-44CC-815C-B39EAFC2C0ED}.Debug|ARM.Build.0 = Debug|Any CPU
		{AA13D95C-0C6A-44CC-815C-B39EAFC2C0ED}.Debug|x64.ActiveCfg = Debug|Any CPU
		{AA13D95C-0C6A-44CC-815C-B39EAFC2C0ED}.Debug|x64.Build.0 = Debug|Any CPU
		{AA13D95C-0C6A-44CC-815C-B39EAFC2C0ED}.Debug|x86.ActiveCfg = Debug|Any CPU
		{AA13D95C-0C6A-44CC-815C-B39EAFC2C0ED}.Debug|x86.Build.0 = Debug|Any CPU
		{AA13D95C-0C6A-44CC-815C-B39EAFC2C0ED}.Release|Any CPU.ActiveCfg = Release|Any CPU
		{AA13D95C-0C6A-44CC-815C-B39EAFC2C0ED}.Release|Any CPU.Build.0 = Release|Any CPU
		{AA13D95C-0C6A-44CC-815C-B39EAFC2C0ED}.Release|ARM.ActiveCfg = Release|Any CPU
		{AA13D95C-0C6A-44CC-815C-B39EAFC2C0ED}.Release|ARM.Build.0 = Release|Any CPU
		{AA13D95C-0C6A-44CC-815C-B39EAFC2C0ED}.Release|x64.ActiveCfg = Release|Any CPU
		{AA13D95C-0C6A-44CC-815C-B39EAFC2C0ED}.Release|x64.Build.0 = Release|Any CPU
		{AA13D95C-0C6A-44CC-815C-B39EAFC2C0ED}.Release|x86.ActiveCfg = Release|Any CPU
		{AA13D95C-0C6A-44CC-815C-B39EAFC2C0ED}.Release|x86.Build.0 = Release|Any CPU
		{A25A7479-B5F7-4927-AB59-1D2DC13B41EA}.Debug|Any CPU.ActiveCfg = Debug|Any CPU
		{A25A7479-B5F7-4927-AB59-1D2DC13B41EA}.Debug|Any CPU.Build.0 = Debug|Any CPU
		{A25A7479-B5F7-4927-AB59-1D2DC13B41EA}.Debug|ARM.ActiveCfg = Debug|Any CPU
		{A25A7479-B5F7-4927-AB59-1D2DC13B41EA}.Debug|ARM.Build.0 = Debug|Any CPU
		{A25A7479-B5F7-4927-AB59-1D2DC13B41EA}.Debug|x64.ActiveCfg = Debug|Any CPU
		{A25A7479-B5F7-4927-AB59-1D2DC13B41EA}.Debug|x64.Build.0 = Debug|Any CPU
		{A25A7479-B5F7-4927-AB59-1D2DC13B41EA}.Debug|x86.ActiveCfg = Debug|Any CPU
		{A25A7479-B5F7-4927-AB59-1D2DC13B41EA}.Debug|x86.Build.0 = Debug|Any CPU
		{A25A7479-B5F7-4927-AB59-1D2DC13B41EA}.Release|Any CPU.ActiveCfg = Release|Any CPU
		{A25A7479-B5F7-4927-AB59-1D2DC13B41EA}.Release|Any CPU.Build.0 = Release|Any CPU
		{A25A7479-B5F7-4927-AB59-1D2DC13B41EA}.Release|ARM.ActiveCfg = Release|Any CPU
		{A25A7479-B5F7-4927-AB59-1D2DC13B41EA}.Release|ARM.Build.0 = Release|Any CPU
		{A25A7479-B5F7-4927-AB59-1D2DC13B41EA}.Release|x64.ActiveCfg = Release|Any CPU
		{A25A7479-B5F7-4927-AB59-1D2DC13B41EA}.Release|x64.Build.0 = Release|Any CPU
		{A25A7479-B5F7-4927-AB59-1D2DC13B41EA}.Release|x86.ActiveCfg = Release|Any CPU
		{A25A7479-B5F7-4927-AB59-1D2DC13B41EA}.Release|x86.Build.0 = Release|Any CPU
		{25875844-7B59-48A5-8BEA-7DFC09EAD11A}.Debug|Any CPU.ActiveCfg = Debug|Win32
		{25875844-7B59-48A5-8BEA-7DFC09EAD11A}.Debug|ARM.ActiveCfg = Debug|Win32
		{25875844-7B59-48A5-8BEA-7DFC09EAD11A}.Debug|x64.ActiveCfg = Debug|x64
		{25875844-7B59-48A5-8BEA-7DFC09EAD11A}.Debug|x64.Build.0 = Debug|x64
		{25875844-7B59-48A5-8BEA-7DFC09EAD11A}.Debug|x86.ActiveCfg = Debug|Win32
		{25875844-7B59-48A5-8BEA-7DFC09EAD11A}.Debug|x86.Build.0 = Debug|Win32
		{25875844-7B59-48A5-8BEA-7DFC09EAD11A}.Release|Any CPU.ActiveCfg = Release|Win32
		{25875844-7B59-48A5-8BEA-7DFC09EAD11A}.Release|ARM.ActiveCfg = Release|Win32
		{25875844-7B59-48A5-8BEA-7DFC09EAD11A}.Release|x64.ActiveCfg = Release|x64
		{25875844-7B59-48A5-8BEA-7DFC09EAD11A}.Release|x64.Build.0 = Release|x64
		{25875844-7B59-48A5-8BEA-7DFC09EAD11A}.Release|x86.ActiveCfg = Release|Win32
		{25875844-7B59-48A5-8BEA-7DFC09EAD11A}.Release|x86.Build.0 = Release|Win32
		{76416EEA-44AD-4F8A-A03A-EDC205E208AC}.Debug|Any CPU.ActiveCfg = Debug|Win32
		{76416EEA-44AD-4F8A-A03A-EDC205E208AC}.Debug|ARM.ActiveCfg = Debug|Win32
		{76416EEA-44AD-4F8A-A03A-EDC205E208AC}.Debug|x64.ActiveCfg = Debug|x64
		{76416EEA-44AD-4F8A-A03A-EDC205E208AC}.Debug|x64.Build.0 = Debug|x64
		{76416EEA-44AD-4F8A-A03A-EDC205E208AC}.Debug|x86.ActiveCfg = Debug|Win32
		{76416EEA-44AD-4F8A-A03A-EDC205E208AC}.Debug|x86.Build.0 = Debug|Win32
		{76416EEA-44AD-4F8A-A03A-EDC205E208AC}.Release|Any CPU.ActiveCfg = Release|Win32
		{76416EEA-44AD-4F8A-A03A-EDC205E208AC}.Release|ARM.ActiveCfg = Release|Win32
		{76416EEA-44AD-4F8A-A03A-EDC205E208AC}.Release|x64.ActiveCfg = Release|x64
		{76416EEA-44AD-4F8A-A03A-EDC205E208AC}.Release|x64.Build.0 = Release|x64
		{76416EEA-44AD-4F8A-A03A-EDC205E208AC}.Release|x86.ActiveCfg = Release|Win32
		{76416EEA-44AD-4F8A-A03A-EDC205E208AC}.Release|x86.Build.0 = Release|Win32
		{1FBDB19A-28F9-4FB9-86DC-DA3F2E0A5E0F}.Debug|Any CPU.ActiveCfg = Debug|Win32
		{1FBDB19A-28F9-4FB9-86DC-DA3F2E0A5E0F}.Debug|ARM.ActiveCfg = Debug|Win32
		{1FBDB19A-28F9-4FB9-86DC-DA3F2E0A5E0F}.Debug|x64.ActiveCfg = Debug|x64
		{1FBDB19A-28F9-4FB9-86DC-DA3F2E0A5E0F}.Debug|x64.Build.0 = Debug|x64
		{1FBDB19A-28F9-4FB9-86DC-DA3F2E0A5E0F}.Debug|x86.ActiveCfg = Debug|Win32
		{1FBDB19A-28F9-4FB9-86DC-DA3F2E0A5E0F}.Debug|x86.Build.0 = Debug|Win32
		{1FBDB19A-28F9-4FB9-86DC-DA3F2E0A5E0F}.Release|Any CPU.ActiveCfg = Release|Win32
		{1FBDB19A-28F9-4FB9-86DC-DA3F2E0A5E0F}.Release|ARM.ActiveCfg = Release|Win32
		{1FBDB19A-28F9-4FB9-86DC-DA3F2E0A5E0F}.Release|x64.ActiveCfg = Release|x64
		{1FBDB19A-28F9-4FB9-86DC-DA3F2E0A5E0F}.Release|x64.Build.0 = Release|x64
		{1FBDB19A-28F9-4FB9-86DC-DA3F2E0A5E0F}.Release|x86.ActiveCfg = Release|Win32
		{1FBDB19A-28F9-4FB9-86DC-DA3F2E0A5E0F}.Release|x86.Build.0 = Release|Win32
		{DEA9459A-D532-423B-BB84-7A675AB175A8}.Debug|Any CPU.ActiveCfg = Debug|Win32
		{DEA9459A-D532-423B-BB84-7A675AB175A8}.Debug|ARM.ActiveCfg = Debug|Win32
		{DEA9459A-D532-423B-BB84-7A675AB175A8}.Debug|x64.ActiveCfg = Debug|x64
		{DEA9459A-D532-423B-BB84-7A675AB175A8}.Debug|x64.Build.0 = Debug|x64
		{DEA9459A-D532-423B-BB84-7A675AB175A8}.Debug|x86.ActiveCfg = Debug|Win32
		{DEA9459A-D532-423B-BB84-7A675AB175A8}.Debug|x86.Build.0 = Debug|Win32
		{DEA9459A-D532-423B-BB84-7A675AB175A8}.Release|Any CPU.ActiveCfg = Release|Win32
		{DEA9459A-D532-423B-BB84-7A675AB175A8}.Release|ARM.ActiveCfg = Release|Win32
		{DEA9459A-D532-423B-BB84-7A675AB175A8}.Release|x64.ActiveCfg = Release|x64
		{DEA9459A-D532-423B-BB84-7A675AB175A8}.Release|x64.Build.0 = Release|x64
		{DEA9459A-D532-423B-BB84-7A675AB175A8}.Release|x86.ActiveCfg = Release|Win32
		{DEA9459A-D532-423B-BB84-7A675AB175A8}.Release|x86.Build.0 = Release|Win32
		{802DCC01-5324-481A-B9B9-BE118DF8A3D2}.Debug|Any CPU.ActiveCfg = Debug|Win32
		{802DCC01-5324-481A-B9B9-BE118DF8A3D2}.Debug|ARM.ActiveCfg = Debug|Win32
		{802DCC01-5324-481A-B9B9-BE118DF8A3D2}.Debug|x64.ActiveCfg = Debug|x64
		{802DCC01-5324-481A-B9B9-BE118DF8A3D2}.Debug|x64.Build.0 = Debug|x64
		{802DCC01-5324-481A-B9B9-BE118DF8A3D2}.Debug|x86.ActiveCfg = Debug|Win32
		{802DCC01-5324-481A-B9B9-BE118DF8A3D2}.Debug|x86.Build.0 = Debug|Win32
		{802DCC01-5324-481A-B9B9-BE118DF8A3D2}.Release|Any CPU.ActiveCfg = Release|Win32
		{802DCC01-5324-481A-B9B9-BE118DF8A3D2}.Release|ARM.ActiveCfg = Release|Win32
		{802DCC01-5324-481A-B9B9-BE118DF8A3D2}.Release|x64.ActiveCfg = Release|x64
		{802DCC01-5324-481A-B9B9-BE118DF8A3D2}.Release|x64.Build.0 = Release|x64
		{802DCC01-5324-481A-B9B9-BE118DF8A3D2}.Release|x86.ActiveCfg = Release|Win32
		{802DCC01-5324-481A-B9B9-BE118DF8A3D2}.Release|x86.Build.0 = Release|Win32
		{693DE875-B0A9-458D-AC07-D3C499521024}.Debug|Any CPU.ActiveCfg = Debug|Win32
		{693DE875-B0A9-458D-AC07-D3C499521024}.Debug|Any CPU.Build.0 = Debug|Win32
		{693DE875-B0A9-458D-AC07-D3C499521024}.Debug|ARM.ActiveCfg = Debug|Win32
		{693DE875-B0A9-458D-AC07-D3C499521024}.Debug|x64.ActiveCfg = Debug|x64
		{693DE875-B0A9-458D-AC07-D3C499521024}.Debug|x64.Build.0 = Debug|x64
		{693DE875-B0A9-458D-AC07-D3C499521024}.Debug|x86.ActiveCfg = Debug|Win32
		{693DE875-B0A9-458D-AC07-D3C499521024}.Debug|x86.Build.0 = Debug|Win32
		{693DE875-B0A9-458D-AC07-D3C499521024}.Release|Any CPU.ActiveCfg = Release|Win32
		{693DE875-B0A9-458D-AC07-D3C499521024}.Release|ARM.ActiveCfg = Release|Win32
		{693DE875-B0A9-458D-AC07-D3C499521024}.Release|x64.ActiveCfg = Release|x64
		{693DE875-B0A9-458D-AC07-D3C499521024}.Release|x64.Build.0 = Release|x64
		{693DE875-B0A9-458D-AC07-D3C499521024}.Release|x86.ActiveCfg = Release|Win32
		{693DE875-B0A9-458D-AC07-D3C499521024}.Release|x86.Build.0 = Release|Win32
		{6949A4B7-9653-4189-A2C6-EAE30784CE2A}.Debug|Any CPU.ActiveCfg = Debug|Win32
		{6949A4B7-9653-4189-A2C6-EAE30784CE2A}.Debug|Any CPU.Build.0 = Debug|Win32
		{6949A4B7-9653-4189-A2C6-EAE30784CE2A}.Debug|ARM.ActiveCfg = Debug|Win32
		{6949A4B7-9653-4189-A2C6-EAE30784CE2A}.Debug|x64.ActiveCfg = Debug|x64
		{6949A4B7-9653-4189-A2C6-EAE30784CE2A}.Debug|x64.Build.0 = Debug|x64
		{6949A4B7-9653-4189-A2C6-EAE30784CE2A}.Debug|x86.ActiveCfg = Debug|Win32
		{6949A4B7-9653-4189-A2C6-EAE30784CE2A}.Debug|x86.Build.0 = Debug|Win32
		{6949A4B7-9653-4189-A2C6-EAE30784CE2A}.Release|Any CPU.ActiveCfg = Release|Win32
		{6949A4B7-9653-4189-A2C6-EAE30784CE2A}.Release|ARM.ActiveCfg = Release|Win32
		{6949A4B7-9653-4189-A2C6-EAE30784CE2A}.Release|x64.ActiveCfg = Release|x64
		{6949A4B7-9653-4189-A2C6-EAE30784CE2A}.Release|x64.Build.0 = Release|x64
		{6949A4B7-9653-4189-A2C6-EAE30784CE2A}.Release|x86.ActiveCfg = Release|Win32
		{6949A4B7-9653-4189-A2C6-EAE30784CE2A}.Release|x86.Build.0 = Release|Win32
		{DEA013E0-CE2D-4B47-8625-F31AB62D8C7D}.Debug|Any CPU.ActiveCfg = Debug|Win32
		{DEA013E0-CE2D-4B47-8625-F31AB62D8C7D}.Debug|Any CPU.Build.0 = Debug|Win32
		{DEA013E0-CE2D-4B47-8625-F31AB62D8C7D}.Debug|ARM.ActiveCfg = Debug|Win32
		{DEA013E0-CE2D-4B47-8625-F31AB62D8C7D}.Debug|x64.ActiveCfg = Debug|x64
		{DEA013E0-CE2D-4B47-8625-F31AB62D8C7D}.Debug|x64.Build.0 = Debug|x64
		{DEA013E0-CE2D-4B47-8625-F31AB62D8C7D}.Debug|x86.ActiveCfg = Debug|Win32
		{DEA013E0-CE2D-4B47-8625-F31AB62D8C7D}.Debug|x86.Build.0 = Debug|Win32
		{DEA013E0-CE2D-4B47-8625-F31AB62D8C7D}.Release|Any CPU.ActiveCfg = Release|Win32
		{DEA013E0-CE2D-4B47-8625-F31AB62D8C7D}.Release|Any CPU.Build.0 = Release|Win32
		{DEA013E0-CE2D-4B47-8625-F31AB62D8C7D}.Release|ARM.ActiveCfg = Release|Win32
		{DEA013E0-CE2D-4B47-8625-F31AB62D8C7D}.Release|x64.ActiveCfg = Release|x64
		{DEA013E0-CE2D-4B47-8625-F31AB62D8C7D}.Release|x64.Build.0 = Release|x64
		{DEA013E0-CE2D-4B47-8625-F31AB62D8C7D}.Release|x86.ActiveCfg = Release|Win32
		{DEA013E0-CE2D-4B47-8625-F31AB62D8C7D}.Release|x86.Build.0 = Release|Win32
		{F5E18FA3-ECCE-42B9-A650-3492E653162E}.Debug|Any CPU.ActiveCfg = Debug|Win32
		{F5E18FA3-ECCE-42B9-A650-3492E653162E}.Debug|Any CPU.Build.0 = Debug|Win32
		{F5E18FA3-ECCE-42B9-A650-3492E653162E}.Debug|ARM.ActiveCfg = Debug|Win32
		{F5E18FA3-ECCE-42B9-A650-3492E653162E}.Debug|x64.ActiveCfg = Debug|x64
		{F5E18FA3-ECCE-42B9-A650-3492E653162E}.Debug|x64.Build.0 = Debug|x64
		{F5E18FA3-ECCE-42B9-A650-3492E653162E}.Debug|x86.ActiveCfg = Debug|Win32
		{F5E18FA3-ECCE-42B9-A650-3492E653162E}.Debug|x86.Build.0 = Debug|Win32
		{F5E18FA3-ECCE-42B9-A650-3492E653162E}.Release|Any CPU.ActiveCfg = Release|Win32
		{F5E18FA3-ECCE-42B9-A650-3492E653162E}.Release|ARM.ActiveCfg = Release|Win32
		{F5E18FA3-ECCE-42B9-A650-3492E653162E}.Release|x64.ActiveCfg = Release|x64
		{F5E18FA3-ECCE-42B9-A650-3492E653162E}.Release|x64.Build.0 = Release|x64
		{F5E18FA3-ECCE-42B9-A650-3492E653162E}.Release|x86.ActiveCfg = Release|Win32
		{F5E18FA3-ECCE-42B9-A650-3492E653162E}.Release|x86.Build.0 = Release|Win32
		{49C791D1-06E5-4E22-B4B8-14EDEFC3D893}.Debug|Any CPU.ActiveCfg = Debug|Win32
		{49C791D1-06E5-4E22-B4B8-14EDEFC3D893}.Debug|Any CPU.Build.0 = Debug|Win32
		{49C791D1-06E5-4E22-B4B8-14EDEFC3D893}.Debug|ARM.ActiveCfg = Debug|Win32
		{49C791D1-06E5-4E22-B4B8-14EDEFC3D893}.Debug|x64.ActiveCfg = Debug|x64
		{49C791D1-06E5-4E22-B4B8-14EDEFC3D893}.Debug|x64.Build.0 = Debug|x64
		{49C791D1-06E5-4E22-B4B8-14EDEFC3D893}.Debug|x86.ActiveCfg = Debug|Win32
		{49C791D1-06E5-4E22-B4B8-14EDEFC3D893}.Debug|x86.Build.0 = Debug|Win32
		{49C791D1-06E5-4E22-B4B8-14EDEFC3D893}.Release|Any CPU.ActiveCfg = Release|Win32
		{49C791D1-06E5-4E22-B4B8-14EDEFC3D893}.Release|ARM.ActiveCfg = Release|Win32
		{49C791D1-06E5-4E22-B4B8-14EDEFC3D893}.Release|x64.ActiveCfg = Release|x64
		{49C791D1-06E5-4E22-B4B8-14EDEFC3D893}.Release|x64.Build.0 = Release|x64
		{49C791D1-06E5-4E22-B4B8-14EDEFC3D893}.Release|x86.ActiveCfg = Release|Win32
		{49C791D1-06E5-4E22-B4B8-14EDEFC3D893}.Release|x86.Build.0 = Release|Win32
		{AE740296-F39B-493D-A162-0D3D4E199EF7}.Debug|Any CPU.ActiveCfg = Debug|Win32
		{AE740296-F39B-493D-A162-0D3D4E199EF7}.Debug|Any CPU.Build.0 = Debug|Win32
		{AE740296-F39B-493D-A162-0D3D4E199EF7}.Debug|ARM.ActiveCfg = Debug|Win32
		{AE740296-F39B-493D-A162-0D3D4E199EF7}.Debug|x64.ActiveCfg = Debug|x64
		{AE740296-F39B-493D-A162-0D3D4E199EF7}.Debug|x64.Build.0 = Debug|x64
		{AE740296-F39B-493D-A162-0D3D4E199EF7}.Debug|x86.ActiveCfg = Debug|Win32
		{AE740296-F39B-493D-A162-0D3D4E199EF7}.Debug|x86.Build.0 = Debug|Win32
		{AE740296-F39B-493D-A162-0D3D4E199EF7}.Release|Any CPU.ActiveCfg = Release|Win32
		{AE740296-F39B-493D-A162-0D3D4E199EF7}.Release|Any CPU.Build.0 = Release|Win32
		{AE740296-F39B-493D-A162-0D3D4E199EF7}.Release|ARM.ActiveCfg = Release|Win32
		{AE740296-F39B-493D-A162-0D3D4E199EF7}.Release|x64.ActiveCfg = Release|x64
		{AE740296-F39B-493D-A162-0D3D4E199EF7}.Release|x64.Build.0 = Release|x64
		{AE740296-F39B-493D-A162-0D3D4E199EF7}.Release|x86.ActiveCfg = Release|Win32
		{AE740296-F39B-493D-A162-0D3D4E199EF7}.Release|x86.Build.0 = Release|Win32
		{066A4A07-11AF-4480-971D-E272BE48A10D}.Debug|Any CPU.ActiveCfg = Debug|Win32
		{066A4A07-11AF-4480-971D-E272BE48A10D}.Debug|Any CPU.Build.0 = Debug|Win32
		{066A4A07-11AF-4480-971D-E272BE48A10D}.Debug|ARM.ActiveCfg = Debug|Win32
		{066A4A07-11AF-4480-971D-E272BE48A10D}.Debug|x64.ActiveCfg = Debug|x64
		{066A4A07-11AF-4480-971D-E272BE48A10D}.Debug|x64.Build.0 = Debug|x64
		{066A4A07-11AF-4480-971D-E272BE48A10D}.Debug|x86.ActiveCfg = Debug|Win32
		{066A4A07-11AF-4480-971D-E272BE48A10D}.Debug|x86.Build.0 = Debug|Win32
		{066A4A07-11AF-4480-971D-E272BE48A10D}.Release|Any CPU.ActiveCfg = Release|Win32
		{066A4A07-11AF-4480-971D-E272BE48A10D}.Release|ARM.ActiveCfg = Release|Win32
		{066A4A07-11AF-4480-971D-E272BE48A10D}.Release|x64.ActiveCfg = Release|x64
		{066A4A07-11AF-4480-971D-E272BE48A10D}.Release|x64.Build.0 = Release|x64
		{066A4A07-11AF-4480-971D-E272BE48A10D}.Release|x86.ActiveCfg = Release|Win32
		{066A4A07-11AF-4480-971D-E272BE48A10D}.Release|x86.Build.0 = Release|Win32
		{DC790DF4-72A6-4EE6-B57E-0A7F72B3AB8E}.Debug|Any CPU.ActiveCfg = Debug|Win32
		{DC790DF4-72A6-4EE6-B57E-0A7F72B3AB8E}.Debug|Any CPU.Build.0 = Debug|Win32
		{DC790DF4-72A6-4EE6-B57E-0A7F72B3AB8E}.Debug|ARM.ActiveCfg = Debug|Win32
		{DC790DF4-72A6-4EE6-B57E-0A7F72B3AB8E}.Debug|x64.ActiveCfg = Debug|x64
		{DC790DF4-72A6-4EE6-B57E-0A7F72B3AB8E}.Debug|x64.Build.0 = Debug|x64
		{DC790DF4-72A6-4EE6-B57E-0A7F72B3AB8E}.Debug|x86.ActiveCfg = Debug|Win32
		{DC790DF4-72A6-4EE6-B57E-0A7F72B3AB8E}.Debug|x86.Build.0 = Debug|Win32
		{DC790DF4-72A6-4EE6-B57E-0A7F72B3AB8E}.Release|Any CPU.ActiveCfg = Release|Win32
		{DC790DF4-72A6-4EE6-B57E-0A7F72B3AB8E}.Release|ARM.ActiveCfg = Release|Win32
		{DC790DF4-72A6-4EE6-B57E-0A7F72B3AB8E}.Release|x64.ActiveCfg = Release|x64
		{DC790DF4-72A6-4EE6-B57E-0A7F72B3AB8E}.Release|x64.Build.0 = Release|x64
		{DC790DF4-72A6-4EE6-B57E-0A7F72B3AB8E}.Release|x86.ActiveCfg = Release|Win32
		{DC790DF4-72A6-4EE6-B57E-0A7F72B3AB8E}.Release|x86.Build.0 = Release|Win32
		{B210D4F9-E96C-4A1F-87C3-219DC7A2FED5}.Debug|Any CPU.ActiveCfg = Debug|Win32
		{B210D4F9-E96C-4A1F-87C3-219DC7A2FED5}.Debug|Any CPU.Build.0 = Debug|Win32
		{B210D4F9-E96C-4A1F-87C3-219DC7A2FED5}.Debug|ARM.ActiveCfg = Debug|Win32
		{B210D4F9-E96C-4A1F-87C3-219DC7A2FED5}.Debug|x64.ActiveCfg = Debug|x64
		{B210D4F9-E96C-4A1F-87C3-219DC7A2FED5}.Debug|x64.Build.0 = Debug|x64
		{B210D4F9-E96C-4A1F-87C3-219DC7A2FED5}.Debug|x86.ActiveCfg = Debug|Win32
		{B210D4F9-E96C-4A1F-87C3-219DC7A2FED5}.Debug|x86.Build.0 = Debug|Win32
		{B210D4F9-E96C-4A1F-87C3-219DC7A2FED5}.Release|Any CPU.ActiveCfg = Release|Win32
		{B210D4F9-E96C-4A1F-87C3-219DC7A2FED5}.Release|ARM.ActiveCfg = Release|Win32
		{B210D4F9-E96C-4A1F-87C3-219DC7A2FED5}.Release|x64.ActiveCfg = Release|x64
		{B210D4F9-E96C-4A1F-87C3-219DC7A2FED5}.Release|x64.Build.0 = Release|x64
		{B210D4F9-E96C-4A1F-87C3-219DC7A2FED5}.Release|x86.ActiveCfg = Release|Win32
		{B210D4F9-E96C-4A1F-87C3-219DC7A2FED5}.Release|x86.Build.0 = Release|Win32
		{5A4234BA-9B20-4CD4-B9F0-D7BC800EDB93}.Debug|Any CPU.ActiveCfg = Debug|Win32
		{5A4234BA-9B20-4CD4-B9F0-D7BC800EDB93}.Debug|Any CPU.Build.0 = Debug|Win32
		{5A4234BA-9B20-4CD4-B9F0-D7BC800EDB93}.Debug|ARM.ActiveCfg = Debug|Win32
		{5A4234BA-9B20-4CD4-B9F0-D7BC800EDB93}.Debug|x64.ActiveCfg = Debug|x64
		{5A4234BA-9B20-4CD4-B9F0-D7BC800EDB93}.Debug|x64.Build.0 = Debug|x64
		{5A4234BA-9B20-4CD4-B9F0-D7BC800EDB93}.Debug|x86.ActiveCfg = Debug|Win32
		{5A4234BA-9B20-4CD4-B9F0-D7BC800EDB93}.Debug|x86.Build.0 = Debug|Win32
		{5A4234BA-9B20-4CD4-B9F0-D7BC800EDB93}.Release|Any CPU.ActiveCfg = Release|Win32
		{5A4234BA-9B20-4CD4-B9F0-D7BC800EDB93}.Release|ARM.ActiveCfg = Release|Win32
		{5A4234BA-9B20-4CD4-B9F0-D7BC800EDB93}.Release|x64.ActiveCfg = Release|x64
		{5A4234BA-9B20-4CD4-B9F0-D7BC800EDB93}.Release|x64.Build.0 = Release|x64
		{5A4234BA-9B20-4CD4-B9F0-D7BC800EDB93}.Release|x86.ActiveCfg = Release|Win32
		{5A4234BA-9B20-4CD4-B9F0-D7BC800EDB93}.Release|x86.Build.0 = Release|Win32
		{A276DE09-721F-41CF-A096-5E7338C81FEF}.Debug|Any CPU.ActiveCfg = Debug|Win32
		{A276DE09-721F-41CF-A096-5E7338C81FEF}.Debug|Any CPU.Build.0 = Debug|Win32
		{A276DE09-721F-41CF-A096-5E7338C81FEF}.Debug|ARM.ActiveCfg = Debug|Win32
		{A276DE09-721F-41CF-A096-5E7338C81FEF}.Debug|x64.ActiveCfg = Debug|x64
		{A276DE09-721F-41CF-A096-5E7338C81FEF}.Debug|x64.Build.0 = Debug|x64
		{A276DE09-721F-41CF-A096-5E7338C81FEF}.Debug|x86.ActiveCfg = Debug|Win32
		{A276DE09-721F-41CF-A096-5E7338C81FEF}.Debug|x86.Build.0 = Debug|Win32
		{A276DE09-721F-41CF-A096-5E7338C81FEF}.Release|Any CPU.ActiveCfg = Release|Win32
		{A276DE09-721F-41CF-A096-5E7338C81FEF}.Release|ARM.ActiveCfg = Release|Win32
		{A276DE09-721F-41CF-A096-5E7338C81FEF}.Release|x64.ActiveCfg = Release|x64
		{A276DE09-721F-41CF-A096-5E7338C81FEF}.Release|x64.Build.0 = Release|x64
		{A276DE09-721F-41CF-A096-5E7338C81FEF}.Release|x86.ActiveCfg = Release|Win32
		{A276DE09-721F-41CF-A096-5E7338C81FEF}.Release|x86.Build.0 = Release|Win32
		{5B3BB6EA-464B-428D-8503-3CFB1B39DA76}.Debug|Any CPU.ActiveCfg = Debug|Win32
		{5B3BB6EA-464B-428D-8503-3CFB1B39DA76}.Debug|Any CPU.Build.0 = Debug|Win32
		{5B3BB6EA-464B-428D-8503-3CFB1B39DA76}.Debug|ARM.ActiveCfg = Debug|Win32
		{5B3BB6EA-464B-428D-8503-3CFB1B39DA76}.Debug|x64.ActiveCfg = Debug|x64
		{5B3BB6EA-464B-428D-8503-3CFB1B39DA76}.Debug|x64.Build.0 = Debug|x64
		{5B3BB6EA-464B-428D-8503-3CFB1B39DA76}.Debug|x86.ActiveCfg = Debug|Win32
		{5B3BB6EA-464B-428D-8503-3CFB1B39DA76}.Debug|x86.Build.0 = Debug|Win32
		{5B3BB6EA-464B-428D-8503-3CFB1B39DA76}.Release|Any CPU.ActiveCfg = Release|Win32
		{5B3BB6EA-464B-428D-8503-3CFB1B39DA76}.Release|ARM.ActiveCfg = Release|Win32
		{5B3BB6EA-464B-428D-8503-3CFB1B39DA76}.Release|x64.ActiveCfg = Release|x64
		{5B3BB6EA-464B-428D-8503-3CFB1B39DA76}.Release|x64.Build.0 = Release|x64
		{5B3BB6EA-464B-428D-8503-3CFB1B39DA76}.Release|x86.ActiveCfg = Release|Win32
		{5B3BB6EA-464B-428D-8503-3CFB1B39DA76}.Release|x86.Build.0 = Release|Win32
		{F47DF1F4-3AF4-4972-AF4E-4C4E75CD5165}.Debug|Any CPU.ActiveCfg = Debug|Win32
		{F47DF1F4-3AF4-4972-AF4E-4C4E75CD5165}.Debug|Any CPU.Build.0 = Debug|Win32
		{F47DF1F4-3AF4-4972-AF4E-4C4E75CD5165}.Debug|ARM.ActiveCfg = Debug|Win32
		{F47DF1F4-3AF4-4972-AF4E-4C4E75CD5165}.Debug|x64.ActiveCfg = Debug|x64
		{F47DF1F4-3AF4-4972-AF4E-4C4E75CD5165}.Debug|x64.Build.0 = Debug|x64
		{F47DF1F4-3AF4-4972-AF4E-4C4E75CD5165}.Debug|x86.ActiveCfg = Debug|Win32
		{F47DF1F4-3AF4-4972-AF4E-4C4E75CD5165}.Debug|x86.Build.0 = Debug|Win32
		{F47DF1F4-3AF4-4972-AF4E-4C4E75CD5165}.Release|Any CPU.ActiveCfg = Release|Win32
		{F47DF1F4-3AF4-4972-AF4E-4C4E75CD5165}.Release|ARM.ActiveCfg = Release|Win32
		{F47DF1F4-3AF4-4972-AF4E-4C4E75CD5165}.Release|x64.ActiveCfg = Release|x64
		{F47DF1F4-3AF4-4972-AF4E-4C4E75CD5165}.Release|x64.Build.0 = Release|x64
		{F47DF1F4-3AF4-4972-AF4E-4C4E75CD5165}.Release|x86.ActiveCfg = Release|Win32
		{F47DF1F4-3AF4-4972-AF4E-4C4E75CD5165}.Release|x86.Build.0 = Release|Win32
		{A2EA35E8-9399-4B6B-8693-4FDF69EE41B9}.Debug|Any CPU.ActiveCfg = Debug|Win32
		{A2EA35E8-9399-4B6B-8693-4FDF69EE41B9}.Debug|ARM.ActiveCfg = Debug|Win32
		{A2EA35E8-9399-4B6B-8693-4FDF69EE41B9}.Debug|x64.ActiveCfg = Debug|x64
		{A2EA35E8-9399-4B6B-8693-4FDF69EE41B9}.Debug|x64.Build.0 = Debug|x64
		{A2EA35E8-9399-4B6B-8693-4FDF69EE41B9}.Debug|x86.ActiveCfg = Debug|Win32
		{A2EA35E8-9399-4B6B-8693-4FDF69EE41B9}.Debug|x86.Build.0 = Debug|Win32
		{A2EA35E8-9399-4B6B-8693-4FDF69EE41B9}.Release|Any CPU.ActiveCfg = Release|Win32
		{A2EA35E8-9399-4B6B-8693-4FDF69EE41B9}.Release|ARM.ActiveCfg = Release|Win32
		{A2EA35E8-9399-4B6B-8693-4FDF69EE41B9}.Release|x64.ActiveCfg = Release|x64
		{A2EA35E8-9399-4B6B-8693-4FDF69EE41B9}.Release|x64.Build.0 = Release|x64
		{A2EA35E8-9399-4B6B-8693-4FDF69EE41B9}.Release|x86.ActiveCfg = Release|Win32
		{A2EA35E8-9399-4B6B-8693-4FDF69EE41B9}.Release|x86.Build.0 = Release|Win32
		{FC189353-F308-4AE1-9D9A-F8E26CFE4693}.Debug|Any CPU.ActiveCfg = Debug|Win32
		{FC189353-F308-4AE1-9D9A-F8E26CFE4693}.Debug|Any CPU.Build.0 = Debug|Win32
		{FC189353-F308-4AE1-9D9A-F8E26CFE4693}.Debug|ARM.ActiveCfg = Debug|Win32
		{FC189353-F308-4AE1-9D9A-F8E26CFE4693}.Debug|x64.ActiveCfg = Debug|x64
		{FC189353-F308-4AE1-9D9A-F8E26CFE4693}.Debug|x64.Build.0 = Debug|x64
		{FC189353-F308-4AE1-9D9A-F8E26CFE4693}.Debug|x86.ActiveCfg = Debug|Win32
		{FC189353-F308-4AE1-9D9A-F8E26CFE4693}.Debug|x86.Build.0 = Debug|Win32
		{FC189353-F308-4AE1-9D9A-F8E26CFE4693}.Release|Any CPU.ActiveCfg = Release|Win32
		{FC189353-F308-4AE1-9D9A-F8E26CFE4693}.Release|ARM.ActiveCfg = Release|Win32
		{FC189353-F308-4AE1-9D9A-F8E26CFE4693}.Release|x64.ActiveCfg = Release|x64
		{FC189353-F308-4AE1-9D9A-F8E26CFE4693}.Release|x64.Build.0 = Release|x64
		{FC189353-F308-4AE1-9D9A-F8E26CFE4693}.Release|x86.ActiveCfg = Release|Win32
		{FC189353-F308-4AE1-9D9A-F8E26CFE4693}.Release|x86.Build.0 = Release|Win32
		{CBFF2306-30B8-4DBB-BF0A-DCA632AA10F4}.Debug|Any CPU.ActiveCfg = Debug|Win32
		{CBFF2306-30B8-4DBB-BF0A-DCA632AA10F4}.Debug|ARM.ActiveCfg = Debug|Win32
		{CBFF2306-30B8-4DBB-BF0A-DCA632AA10F4}.Debug|x64.ActiveCfg = Debug|x64
		{CBFF2306-30B8-4DBB-BF0A-DCA632AA10F4}.Debug|x64.Build.0 = Debug|x64
		{CBFF2306-30B8-4DBB-BF0A-DCA632AA10F4}.Debug|x86.ActiveCfg = Debug|Win32
		{CBFF2306-30B8-4DBB-BF0A-DCA632AA10F4}.Debug|x86.Build.0 = Debug|Win32
		{CBFF2306-30B8-4DBB-BF0A-DCA632AA10F4}.Release|Any CPU.ActiveCfg = Release|Win32
		{CBFF2306-30B8-4DBB-BF0A-DCA632AA10F4}.Release|ARM.ActiveCfg = Release|Win32
		{CBFF2306-30B8-4DBB-BF0A-DCA632AA10F4}.Release|x64.ActiveCfg = Release|x64
		{CBFF2306-30B8-4DBB-BF0A-DCA632AA10F4}.Release|x64.Build.0 = Release|x64
		{CBFF2306-30B8-4DBB-BF0A-DCA632AA10F4}.Release|x86.ActiveCfg = Release|Win32
		{CBFF2306-30B8-4DBB-BF0A-DCA632AA10F4}.Release|x86.Build.0 = Release|Win32
		{D9668A85-3E89-48BD-A3FE-0A022D6D1909}.Debug|Any CPU.ActiveCfg = Debug|Win32
		{D9668A85-3E89-48BD-A3FE-0A022D6D1909}.Debug|ARM.ActiveCfg = Debug|Win32
		{D9668A85-3E89-48BD-A3FE-0A022D6D1909}.Debug|x64.ActiveCfg = Debug|x64
		{D9668A85-3E89-48BD-A3FE-0A022D6D1909}.Debug|x64.Build.0 = Debug|x64
		{D9668A85-3E89-48BD-A3FE-0A022D6D1909}.Debug|x86.ActiveCfg = Debug|Win32
		{D9668A85-3E89-48BD-A3FE-0A022D6D1909}.Debug|x86.Build.0 = Debug|Win32
		{D9668A85-3E89-48BD-A3FE-0A022D6D1909}.Release|Any CPU.ActiveCfg = Release|Win32
		{D9668A85-3E89-48BD-A3FE-0A022D6D1909}.Release|ARM.ActiveCfg = Release|Win32
		{D9668A85-3E89-48BD-A3FE-0A022D6D1909}.Release|x64.ActiveCfg = Release|x64
		{D9668A85-3E89-48BD-A3FE-0A022D6D1909}.Release|x64.Build.0 = Release|x64
		{D9668A85-3E89-48BD-A3FE-0A022D6D1909}.Release|x86.ActiveCfg = Release|Win32
		{D9668A85-3E89-48BD-A3FE-0A022D6D1909}.Release|x86.Build.0 = Release|Win32
		{A42914E7-698C-474D-BCA9-6AC583EE8291}.Debug|Any CPU.ActiveCfg = Debug|Win32
		{A42914E7-698C-474D-BCA9-6AC583EE8291}.Debug|Any CPU.Build.0 = Debug|Win32
		{A42914E7-698C-474D-BCA9-6AC583EE8291}.Debug|ARM.ActiveCfg = Debug|Win32
		{A42914E7-698C-474D-BCA9-6AC583EE8291}.Debug|x64.ActiveCfg = Debug|x64
		{A42914E7-698C-474D-BCA9-6AC583EE8291}.Debug|x64.Build.0 = Debug|x64
		{A42914E7-698C-474D-BCA9-6AC583EE8291}.Debug|x86.ActiveCfg = Debug|Win32
		{A42914E7-698C-474D-BCA9-6AC583EE8291}.Debug|x86.Build.0 = Debug|Win32
		{A42914E7-698C-474D-BCA9-6AC583EE8291}.Release|Any CPU.ActiveCfg = Release|Win32
		{A42914E7-698C-474D-BCA9-6AC583EE8291}.Release|ARM.ActiveCfg = Release|Win32
		{A42914E7-698C-474D-BCA9-6AC583EE8291}.Release|x64.ActiveCfg = Release|x64
		{A42914E7-698C-474D-BCA9-6AC583EE8291}.Release|x64.Build.0 = Release|x64
		{A42914E7-698C-474D-BCA9-6AC583EE8291}.Release|x86.ActiveCfg = Release|Win32
		{A42914E7-698C-474D-BCA9-6AC583EE8291}.Release|x86.Build.0 = Release|Win32
		{F5FFF57D-13EF-4DBB-A347-7EA34FD1C797}.Debug|Any CPU.ActiveCfg = Debug|Win32
		{F5FFF57D-13EF-4DBB-A347-7EA34FD1C797}.Debug|ARM.ActiveCfg = Debug|Win32
		{F5FFF57D-13EF-4DBB-A347-7EA34FD1C797}.Debug|x64.ActiveCfg = Debug|x64
		{F5FFF57D-13EF-4DBB-A347-7EA34FD1C797}.Debug|x64.Build.0 = Debug|x64
		{F5FFF57D-13EF-4DBB-A347-7EA34FD1C797}.Debug|x86.ActiveCfg = Debug|Win32
		{F5FFF57D-13EF-4DBB-A347-7EA34FD1C797}.Debug|x86.Build.0 = Debug|Win32
		{F5FFF57D-13EF-4DBB-A347-7EA34FD1C797}.Release|Any CPU.ActiveCfg = Release|Win32
		{F5FFF57D-13EF-4DBB-A347-7EA34FD1C797}.Release|ARM.ActiveCfg = Release|Win32
		{F5FFF57D-13EF-4DBB-A347-7EA34FD1C797}.Release|x64.ActiveCfg = Release|x64
		{F5FFF57D-13EF-4DBB-A347-7EA34FD1C797}.Release|x64.Build.0 = Release|x64
		{F5FFF57D-13EF-4DBB-A347-7EA34FD1C797}.Release|x86.ActiveCfg = Release|Win32
		{F5FFF57D-13EF-4DBB-A347-7EA34FD1C797}.Release|x86.Build.0 = Release|Win32
		{FBEEA88F-F10D-4019-9F86-E6EF3D5EEDF4}.Debug|Any CPU.ActiveCfg = Debug|Win32
		{FBEEA88F-F10D-4019-9F86-E6EF3D5EEDF4}.Debug|ARM.ActiveCfg = Debug|Win32
		{FBEEA88F-F10D-4019-9F86-E6EF3D5EEDF4}.Debug|x64.ActiveCfg = Debug|x64
		{FBEEA88F-F10D-4019-9F86-E6EF3D5EEDF4}.Debug|x64.Build.0 = Debug|x64
		{FBEEA88F-F10D-4019-9F86-E6EF3D5EEDF4}.Debug|x86.ActiveCfg = Debug|Win32
		{FBEEA88F-F10D-4019-9F86-E6EF3D5EEDF4}.Debug|x86.Build.0 = Debug|Win32
		{FBEEA88F-F10D-4019-9F86-E6EF3D5EEDF4}.Release|Any CPU.ActiveCfg = Release|Win32
		{FBEEA88F-F10D-4019-9F86-E6EF3D5EEDF4}.Release|ARM.ActiveCfg = Release|Win32
		{FBEEA88F-F10D-4019-9F86-E6EF3D5EEDF4}.Release|x64.ActiveCfg = Release|x64
		{FBEEA88F-F10D-4019-9F86-E6EF3D5EEDF4}.Release|x64.Build.0 = Release|x64
		{FBEEA88F-F10D-4019-9F86-E6EF3D5EEDF4}.Release|x86.ActiveCfg = Release|Win32
		{FBEEA88F-F10D-4019-9F86-E6EF3D5EEDF4}.Release|x86.Build.0 = Release|Win32
		{3B624249-6974-44EA-ADC8-8340269C1FF8}.Debug|Any CPU.ActiveCfg = Debug|Win32
		{3B624249-6974-44EA-ADC8-8340269C1FF8}.Debug|ARM.ActiveCfg = Debug|Win32
		{3B624249-6974-44EA-ADC8-8340269C1FF8}.Debug|x64.ActiveCfg = Debug|x64
		{3B624249-6974-44EA-ADC8-8340269C1FF8}.Debug|x64.Build.0 = Debug|x64
		{3B624249-6974-44EA-ADC8-8340269C1FF8}.Debug|x86.ActiveCfg = Debug|Win32
		{3B624249-6974-44EA-ADC8-8340269C1FF8}.Debug|x86.Build.0 = Debug|Win32
		{3B624249-6974-44EA-ADC8-8340269C1FF8}.Release|Any CPU.ActiveCfg = Release|Win32
		{3B624249-6974-44EA-ADC8-8340269C1FF8}.Release|ARM.ActiveCfg = Release|Win32
		{3B624249-6974-44EA-ADC8-8340269C1FF8}.Release|x64.ActiveCfg = Release|x64
		{3B624249-6974-44EA-ADC8-8340269C1FF8}.Release|x64.Build.0 = Release|x64
		{3B624249-6974-44EA-ADC8-8340269C1FF8}.Release|x86.ActiveCfg = Release|Win32
		{3B624249-6974-44EA-ADC8-8340269C1FF8}.Release|x86.Build.0 = Release|Win32
		{29E5057B-6F72-453E-8C64-61CCFC8E2F3C}.Debug|Any CPU.ActiveCfg = Debug|Win32
		{29E5057B-6F72-453E-8C64-61CCFC8E2F3C}.Debug|Any CPU.Build.0 = Debug|Win32
		{29E5057B-6F72-453E-8C64-61CCFC8E2F3C}.Debug|ARM.ActiveCfg = Debug|Win32
		{29E5057B-6F72-453E-8C64-61CCFC8E2F3C}.Debug|x64.ActiveCfg = Debug|x64
		{29E5057B-6F72-453E-8C64-61CCFC8E2F3C}.Debug|x64.Build.0 = Debug|x64
		{29E5057B-6F72-453E-8C64-61CCFC8E2F3C}.Debug|x86.ActiveCfg = Debug|Win32
		{29E5057B-6F72-453E-8C64-61CCFC8E2F3C}.Debug|x86.Build.0 = Debug|Win32
		{29E5057B-6F72-453E-8C64-61CCFC8E2F3C}.Release|Any CPU.ActiveCfg = Release|Win32
		{29E5057B-6F72-453E-8C64-61CCFC8E2F3C}.Release|ARM.ActiveCfg = Release|Win32
		{29E5057B-6F72-453E-8C64-61CCFC8E2F3C}.Release|x64.ActiveCfg = Release|x64
		{29E5057B-6F72-453E-8C64-61CCFC8E2F3C}.Release|x64.Build.0 = Release|x64
		{29E5057B-6F72-453E-8C64-61CCFC8E2F3C}.Release|x86.ActiveCfg = Release|Win32
		{29E5057B-6F72-453E-8C64-61CCFC8E2F3C}.Release|x86.Build.0 = Release|Win32
		{51FEEFE3-CBA3-4C88-BD80-E3FA07C2232D}.Debug|Any CPU.ActiveCfg = Debug|Win32
		{51FEEFE3-CBA3-4C88-BD80-E3FA07C2232D}.Debug|ARM.ActiveCfg = Debug|Win32
		{51FEEFE3-CBA3-4C88-BD80-E3FA07C2232D}.Debug|x64.ActiveCfg = Debug|x64
		{51FEEFE3-CBA3-4C88-BD80-E3FA07C2232D}.Debug|x64.Build.0 = Debug|x64
		{51FEEFE3-CBA3-4C88-BD80-E3FA07C2232D}.Debug|x86.ActiveCfg = Debug|Win32
		{51FEEFE3-CBA3-4C88-BD80-E3FA07C2232D}.Debug|x86.Build.0 = Debug|Win32
		{51FEEFE3-CBA3-4C88-BD80-E3FA07C2232D}.Release|Any CPU.ActiveCfg = Release|Win32
		{51FEEFE3-CBA3-4C88-BD80-E3FA07C2232D}.Release|ARM.ActiveCfg = Release|Win32
		{51FEEFE3-CBA3-4C88-BD80-E3FA07C2232D}.Release|x64.ActiveCfg = Release|x64
		{51FEEFE3-CBA3-4C88-BD80-E3FA07C2232D}.Release|x64.Build.0 = Release|x64
		{51FEEFE3-CBA3-4C88-BD80-E3FA07C2232D}.Release|x86.ActiveCfg = Release|Win32
		{51FEEFE3-CBA3-4C88-BD80-E3FA07C2232D}.Release|x86.Build.0 = Release|Win32
		{1F48A423-139C-460A-B758-1F48285ADD9D}.Debug|Any CPU.ActiveCfg = Debug|Win32
		{1F48A423-139C-460A-B758-1F48285ADD9D}.Debug|ARM.ActiveCfg = Debug|Win32
		{1F48A423-139C-460A-B758-1F48285ADD9D}.Debug|x64.ActiveCfg = Debug|x64
		{1F48A423-139C-460A-B758-1F48285ADD9D}.Debug|x64.Build.0 = Debug|x64
		{1F48A423-139C-460A-B758-1F48285ADD9D}.Debug|x86.ActiveCfg = Debug|Win32
		{1F48A423-139C-460A-B758-1F48285ADD9D}.Debug|x86.Build.0 = Debug|Win32
		{1F48A423-139C-460A-B758-1F48285ADD9D}.Release|Any CPU.ActiveCfg = Release|Win32
		{1F48A423-139C-460A-B758-1F48285ADD9D}.Release|ARM.ActiveCfg = Release|Win32
		{1F48A423-139C-460A-B758-1F48285ADD9D}.Release|x64.ActiveCfg = Release|x64
		{1F48A423-139C-460A-B758-1F48285ADD9D}.Release|x64.Build.0 = Release|x64
		{1F48A423-139C-460A-B758-1F48285ADD9D}.Release|x86.ActiveCfg = Release|Win32
		{1F48A423-139C-460A-B758-1F48285ADD9D}.Release|x86.Build.0 = Release|Win32
		{1AFDDEF6-B45D-4198-8CFE-1F678AE5594E}.Debug|Any CPU.ActiveCfg = Debug|Win32
		{1AFDDEF6-B45D-4198-8CFE-1F678AE5594E}.Debug|ARM.ActiveCfg = Debug|Win32
		{1AFDDEF6-B45D-4198-8CFE-1F678AE5594E}.Debug|x64.ActiveCfg = Debug|x64
		{1AFDDEF6-B45D-4198-8CFE-1F678AE5594E}.Debug|x64.Build.0 = Debug|x64
		{1AFDDEF6-B45D-4198-8CFE-1F678AE5594E}.Debug|x86.ActiveCfg = Debug|Win32
		{1AFDDEF6-B45D-4198-8CFE-1F678AE5594E}.Debug|x86.Build.0 = Debug|Win32
		{1AFDDEF6-B45D-4198-8CFE-1F678AE5594E}.Release|Any CPU.ActiveCfg = Release|Win32
		{1AFDDEF6-B45D-4198-8CFE-1F678AE5594E}.Release|ARM.ActiveCfg = Release|Win32
		{1AFDDEF6-B45D-4198-8CFE-1F678AE5594E}.Release|x64.ActiveCfg = Release|x64
		{1AFDDEF6-B45D-4198-8CFE-1F678AE5594E}.Release|x64.Build.0 = Release|x64
		{1AFDDEF6-B45D-4198-8CFE-1F678AE5594E}.Release|x86.ActiveCfg = Release|Win32
		{1AFDDEF6-B45D-4198-8CFE-1F678AE5594E}.Release|x86.Build.0 = Release|Win32
		{8E690ED1-4B5D-4167-9BFC-726274AE0F4F}.Debug|Any CPU.ActiveCfg = Debug|Win32
		{8E690ED1-4B5D-4167-9BFC-726274AE0F4F}.Debug|ARM.ActiveCfg = Debug|Win32
		{8E690ED1-4B5D-4167-9BFC-726274AE0F4F}.Debug|x64.ActiveCfg = Debug|x64
		{8E690ED1-4B5D-4167-9BFC-726274AE0F4F}.Debug|x64.Build.0 = Debug|x64
		{8E690ED1-4B5D-4167-9BFC-726274AE0F4F}.Debug|x86.ActiveCfg = Debug|Win32
		{8E690ED1-4B5D-4167-9BFC-726274AE0F4F}.Debug|x86.Build.0 = Debug|Win32
		{8E690ED1-4B5D-4167-9BFC-726274AE0F4F}.Release|Any CPU.ActiveCfg = Release|Win32
		{8E690ED1-4B5D-4167-9BFC-726274AE0F4F}.Release|ARM.ActiveCfg = Release|Win32
		{8E690ED1-4B5D-4167-9BFC-726274AE0F4F}.Release|x64.ActiveCfg = Release|x64
		{8E690ED1-4B5D-4167-9BFC-726274AE0F4F}.Release|x64.Build.0 = Release|x64
		{8E690ED1-4B5D-4167-9BFC-726274AE0F4F}.Release|x86.ActiveCfg = Release|Win32
		{8E690ED1-4B5D-4167-9BFC-726274AE0F4F}.Release|x86.Build.0 = Release|Win32
		{4A114118-E712-4E06-B027-C160C5C95EFA}.Debug|Any CPU.ActiveCfg = Debug|Win32
		{4A114118-E712-4E06-B027-C160C5C95EFA}.Debug|ARM.ActiveCfg = Debug|Win32
		{4A114118-E712-4E06-B027-C160C5C95EFA}.Debug|x64.ActiveCfg = Debug|x64
		{4A114118-E712-4E06-B027-C160C5C95EFA}.Debug|x64.Build.0 = Debug|x64
		{4A114118-E712-4E06-B027-C160C5C95EFA}.Debug|x86.ActiveCfg = Debug|Win32
		{4A114118-E712-4E06-B027-C160C5C95EFA}.Debug|x86.Build.0 = Debug|Win32
		{4A114118-E712-4E06-B027-C160C5C95EFA}.Release|Any CPU.ActiveCfg = Release|Win32
		{4A114118-E712-4E06-B027-C160C5C95EFA}.Release|ARM.ActiveCfg = Release|Win32
		{4A114118-E712-4E06-B027-C160C5C95EFA}.Release|x64.ActiveCfg = Release|x64
		{4A114118-E712-4E06-B027-C160C5C95EFA}.Release|x64.Build.0 = Release|x64
		{4A114118-E712-4E06-B027-C160C5C95EFA}.Release|x86.ActiveCfg = Release|Win32
		{4A114118-E712-4E06-B027-C160C5C95EFA}.Release|x86.Build.0 = Release|Win32
		{085A5107-D0F7-4A63-A799-8167DB4904B6}.Debug|Any CPU.ActiveCfg = Debug|Win32
		{085A5107-D0F7-4A63-A799-8167DB4904B6}.Debug|Any CPU.Build.0 = Debug|Win32
		{085A5107-D0F7-4A63-A799-8167DB4904B6}.Debug|ARM.ActiveCfg = Debug|Win32
		{085A5107-D0F7-4A63-A799-8167DB4904B6}.Debug|x64.ActiveCfg = Debug|x64
		{085A5107-D0F7-4A63-A799-8167DB4904B6}.Debug|x64.Build.0 = Debug|x64
		{085A5107-D0F7-4A63-A799-8167DB4904B6}.Debug|x86.ActiveCfg = Debug|Win32
		{085A5107-D0F7-4A63-A799-8167DB4904B6}.Debug|x86.Build.0 = Debug|Win32
		{085A5107-D0F7-4A63-A799-8167DB4904B6}.Release|Any CPU.ActiveCfg = Release|Win32
		{085A5107-D0F7-4A63-A799-8167DB4904B6}.Release|ARM.ActiveCfg = Release|Win32
		{085A5107-D0F7-4A63-A799-8167DB4904B6}.Release|x64.ActiveCfg = Release|x64
		{085A5107-D0F7-4A63-A799-8167DB4904B6}.Release|x64.Build.0 = Release|x64
		{085A5107-D0F7-4A63-A799-8167DB4904B6}.Release|x86.ActiveCfg = Release|Win32
		{085A5107-D0F7-4A63-A799-8167DB4904B6}.Release|x86.Build.0 = Release|Win32
		{653B0CE6-8D8A-4CBB-8F73-664D3E4606C5}.Debug|Any CPU.ActiveCfg = Debug|Win32
		{653B0CE6-8D8A-4CBB-8F73-664D3E4606C5}.Debug|Any CPU.Build.0 = Debug|Win32
		{653B0CE6-8D8A-4CBB-8F73-664D3E4606C5}.Debug|ARM.ActiveCfg = Debug|Win32
		{653B0CE6-8D8A-4CBB-8F73-664D3E4606C5}.Debug|x64.ActiveCfg = Debug|x64
		{653B0CE6-8D8A-4CBB-8F73-664D3E4606C5}.Debug|x64.Build.0 = Debug|x64
		{653B0CE6-8D8A-4CBB-8F73-664D3E4606C5}.Debug|x86.ActiveCfg = Debug|Win32
		{653B0CE6-8D8A-4CBB-8F73-664D3E4606C5}.Debug|x86.Build.0 = Debug|Win32
		{653B0CE6-8D8A-4CBB-8F73-664D3E4606C5}.Release|Any CPU.ActiveCfg = Release|Win32
		{653B0CE6-8D8A-4CBB-8F73-664D3E4606C5}.Release|ARM.ActiveCfg = Release|Win32
		{653B0CE6-8D8A-4CBB-8F73-664D3E4606C5}.Release|x64.ActiveCfg = Release|x64
		{653B0CE6-8D8A-4CBB-8F73-664D3E4606C5}.Release|x64.Build.0 = Release|x64
		{653B0CE6-8D8A-4CBB-8F73-664D3E4606C5}.Release|x86.ActiveCfg = Release|Win32
		{653B0CE6-8D8A-4CBB-8F73-664D3E4606C5}.Release|x86.Build.0 = Release|Win32
		{F2F8E127-52E4-43BF-AEBC-3D43D479F302}.Debug|Any CPU.ActiveCfg = Debug|Win32
		{F2F8E127-52E4-43BF-AEBC-3D43D479F302}.Debug|Any CPU.Build.0 = Debug|Win32
		{F2F8E127-52E4-43BF-AEBC-3D43D479F302}.Debug|ARM.ActiveCfg = Debug|Win32
		{F2F8E127-52E4-43BF-AEBC-3D43D479F302}.Debug|x64.ActiveCfg = Debug|x64
		{F2F8E127-52E4-43BF-AEBC-3D43D479F302}.Debug|x64.Build.0 = Debug|x64
		{F2F8E127-52E4-43BF-AEBC-3D43D479F302}.Debug|x86.ActiveCfg = Debug|Win32
		{F2F8E127-52E4-43BF-AEBC-3D43D479F302}.Debug|x86.Build.0 = Debug|Win32
		{F2F8E127-52E4-43BF-AEBC-3D43D479F302}.Release|Any CPU.ActiveCfg = Release|Win32
		{F2F8E127-52E4-43BF-AEBC-3D43D479F302}.Release|ARM.ActiveCfg = Release|Win32
		{F2F8E127-52E4-43BF-AEBC-3D43D479F302}.Release|x64.ActiveCfg = Release|x64
		{F2F8E127-52E4-43BF-AEBC-3D43D479F302}.Release|x64.Build.0 = Release|x64
		{F2F8E127-52E4-43BF-AEBC-3D43D479F302}.Release|x86.ActiveCfg = Release|Win32
		{F2F8E127-52E4-43BF-AEBC-3D43D479F302}.Release|x86.Build.0 = Release|Win32
		{8E9942F4-C4B8-477E-ABBC-BC8F37EFB4A9}.Debug|Any CPU.ActiveCfg = Debug|Win32
		{8E9942F4-C4B8-477E-ABBC-BC8F37EFB4A9}.Debug|Any CPU.Build.0 = Debug|Win32
		{8E9942F4-C4B8-477E-ABBC-BC8F37EFB4A9}.Debug|ARM.ActiveCfg = Debug|Win32
		{8E9942F4-C4B8-477E-ABBC-BC8F37EFB4A9}.Debug|x64.ActiveCfg = Debug|x64
		{8E9942F4-C4B8-477E-ABBC-BC8F37EFB4A9}.Debug|x64.Build.0 = Debug|x64
		{8E9942F4-C4B8-477E-ABBC-BC8F37EFB4A9}.Debug|x86.ActiveCfg = Debug|Win32
		{8E9942F4-C4B8-477E-ABBC-BC8F37EFB4A9}.Debug|x86.Build.0 = Debug|Win32
		{8E9942F4-C4B8-477E-ABBC-BC8F37EFB4A9}.Release|Any CPU.ActiveCfg = Release|Win32
		{8E9942F4-C4B8-477E-ABBC-BC8F37EFB4A9}.Release|ARM.ActiveCfg = Release|Win32
		{8E9942F4-C4B8-477E-ABBC-BC8F37EFB4A9}.Release|x64.ActiveCfg = Release|x64
		{8E9942F4-C4B8-477E-ABBC-BC8F37EFB4A9}.Release|x64.Build.0 = Release|x64
		{8E9942F4-C4B8-477E-ABBC-BC8F37EFB4A9}.Release|x86.ActiveCfg = Release|Win32
		{8E9942F4-C4B8-477E-ABBC-BC8F37EFB4A9}.Release|x86.Build.0 = Release|Win32
		{68C39D20-4281-46CD-9768-DEBED779ECF4}.Debug|Any CPU.ActiveCfg = Debug|Any CPU
		{68C39D20-4281-46CD-9768-DEBED779ECF4}.Debug|Any CPU.Build.0 = Debug|Any CPU
		{68C39D20-4281-46CD-9768-DEBED779ECF4}.Debug|ARM.ActiveCfg = Debug|Any CPU
		{68C39D20-4281-46CD-9768-DEBED779ECF4}.Debug|ARM.Build.0 = Debug|Any CPU
		{68C39D20-4281-46CD-9768-DEBED779ECF4}.Debug|x64.ActiveCfg = Debug|Any CPU
		{68C39D20-4281-46CD-9768-DEBED779ECF4}.Debug|x64.Build.0 = Debug|Any CPU
		{68C39D20-4281-46CD-9768-DEBED779ECF4}.Debug|x86.ActiveCfg = Debug|Any CPU
		{68C39D20-4281-46CD-9768-DEBED779ECF4}.Debug|x86.Build.0 = Debug|Any CPU
		{68C39D20-4281-46CD-9768-DEBED779ECF4}.Release|Any CPU.ActiveCfg = Release|Any CPU
		{68C39D20-4281-46CD-9768-DEBED779ECF4}.Release|Any CPU.Build.0 = Release|Any CPU
		{68C39D20-4281-46CD-9768-DEBED779ECF4}.Release|ARM.ActiveCfg = Release|Any CPU
		{68C39D20-4281-46CD-9768-DEBED779ECF4}.Release|ARM.Build.0 = Release|Any CPU
		{68C39D20-4281-46CD-9768-DEBED779ECF4}.Release|x64.ActiveCfg = Release|Any CPU
		{68C39D20-4281-46CD-9768-DEBED779ECF4}.Release|x64.Build.0 = Release|Any CPU
		{68C39D20-4281-46CD-9768-DEBED779ECF4}.Release|x86.ActiveCfg = Release|Any CPU
		{68C39D20-4281-46CD-9768-DEBED779ECF4}.Release|x86.Build.0 = Release|Any CPU
		{2F446D8D-39F1-408D-8163-7407F86938AC}.Debug|Any CPU.ActiveCfg = Debug|Win32
		{2F446D8D-39F1-408D-8163-7407F86938AC}.Debug|Any CPU.Build.0 = Debug|Win32
		{2F446D8D-39F1-408D-8163-7407F86938AC}.Debug|ARM.ActiveCfg = Debug|Win32
		{2F446D8D-39F1-408D-8163-7407F86938AC}.Debug|x64.ActiveCfg = Debug|x64
		{2F446D8D-39F1-408D-8163-7407F86938AC}.Debug|x64.Build.0 = Debug|x64
		{2F446D8D-39F1-408D-8163-7407F86938AC}.Debug|x86.ActiveCfg = Debug|Win32
		{2F446D8D-39F1-408D-8163-7407F86938AC}.Debug|x86.Build.0 = Debug|Win32
		{2F446D8D-39F1-408D-8163-7407F86938AC}.Release|Any CPU.ActiveCfg = Release|Win32
		{2F446D8D-39F1-408D-8163-7407F86938AC}.Release|ARM.ActiveCfg = Release|Win32
		{2F446D8D-39F1-408D-8163-7407F86938AC}.Release|x64.ActiveCfg = Release|x64
		{2F446D8D-39F1-408D-8163-7407F86938AC}.Release|x64.Build.0 = Release|x64
		{2F446D8D-39F1-408D-8163-7407F86938AC}.Release|x86.ActiveCfg = Release|Win32
		{2F446D8D-39F1-408D-8163-7407F86938AC}.Release|x86.Build.0 = Release|Win32
		{7F5A418D-6127-4C2E-9C93-8CBEE36CD717}.Debug|Any CPU.ActiveCfg = Debug|Win32
		{7F5A418D-6127-4C2E-9C93-8CBEE36CD717}.Debug|Any CPU.Build.0 = Debug|Win32
		{7F5A418D-6127-4C2E-9C93-8CBEE36CD717}.Debug|ARM.ActiveCfg = Debug|Win32
		{7F5A418D-6127-4C2E-9C93-8CBEE36CD717}.Debug|x64.ActiveCfg = Debug|x64
		{7F5A418D-6127-4C2E-9C93-8CBEE36CD717}.Debug|x64.Build.0 = Debug|x64
		{7F5A418D-6127-4C2E-9C93-8CBEE36CD717}.Debug|x86.ActiveCfg = Debug|Win32
		{7F5A418D-6127-4C2E-9C93-8CBEE36CD717}.Debug|x86.Build.0 = Debug|Win32
		{7F5A418D-6127-4C2E-9C93-8CBEE36CD717}.Release|Any CPU.ActiveCfg = Release|Win32
		{7F5A418D-6127-4C2E-9C93-8CBEE36CD717}.Release|ARM.ActiveCfg = Release|Win32
		{7F5A418D-6127-4C2E-9C93-8CBEE36CD717}.Release|x64.ActiveCfg = Release|x64
		{7F5A418D-6127-4C2E-9C93-8CBEE36CD717}.Release|x64.Build.0 = Release|x64
		{7F5A418D-6127-4C2E-9C93-8CBEE36CD717}.Release|x86.ActiveCfg = Release|Win32
		{7F5A418D-6127-4C2E-9C93-8CBEE36CD717}.Release|x86.Build.0 = Release|Win32
	EndGlobalSection
	GlobalSection(SolutionProperties) = preSolution
		HideSolutionNode = FALSE
	EndGlobalSection
	GlobalSection(ExtensibilityGlobals) = postSolution
		SolutionGuid = {0E614BF6-B46C-40B7-BA60-95CD3E646484}
	EndGlobalSection
EndGlobal
